// !$*UTF8*$!
{
	archiveVersion = 1;
	classes = {
	};
	objectVersion = 46;
	objects = {

/* Begin PBXBuildFile section */
		00C302E51ABCBA2D00DB3ED1 /* libRCTActionSheet.a in Frameworks */ = {isa = PBXBuildFile; fileRef = 00C302AC1ABCB8CE00DB3ED1 /* libRCTActionSheet.a */; };
		00C302E71ABCBA2D00DB3ED1 /* libRCTGeolocation.a in Frameworks */ = {isa = PBXBuildFile; fileRef = 00C302BA1ABCB90400DB3ED1 /* libRCTGeolocation.a */; };
		00C302E81ABCBA2D00DB3ED1 /* libRCTImage.a in Frameworks */ = {isa = PBXBuildFile; fileRef = 00C302C01ABCB91800DB3ED1 /* libRCTImage.a */; };
		00C302E91ABCBA2D00DB3ED1 /* libRCTNetwork.a in Frameworks */ = {isa = PBXBuildFile; fileRef = 00C302DC1ABCB9D200DB3ED1 /* libRCTNetwork.a */; };
		00C302EA1ABCBA2D00DB3ED1 /* libRCTVibration.a in Frameworks */ = {isa = PBXBuildFile; fileRef = 00C302E41ABCB9EE00DB3ED1 /* libRCTVibration.a */; };
		00E356F31AD99517003FC87E /* awesomeMobileTests.m in Sources */ = {isa = PBXBuildFile; fileRef = 00E356F21AD99517003FC87E /* awesomeMobileTests.m */; };
		133E29F31AD74F7200F7D852 /* libRCTLinking.a in Frameworks */ = {isa = PBXBuildFile; fileRef = 78C398B91ACF4ADC00677621 /* libRCTLinking.a */; };
		139105C61AF99C1200B5F7CC /* libRCTSettings.a in Frameworks */ = {isa = PBXBuildFile; fileRef = 139105C11AF99BAD00B5F7CC /* libRCTSettings.a */; };
		139FDEF61B0652A700C62182 /* libRCTWebSocket.a in Frameworks */ = {isa = PBXBuildFile; fileRef = 139FDEF41B06529B00C62182 /* libRCTWebSocket.a */; };
		13B07FBC1A68108700A75B9A /* AppDelegate.m in Sources */ = {isa = PBXBuildFile; fileRef = 13B07FB01A68108700A75B9A /* AppDelegate.m */; };
		13B07FBF1A68108700A75B9A /* Images.xcassets in Resources */ = {isa = PBXBuildFile; fileRef = 13B07FB51A68108700A75B9A /* Images.xcassets */; };
		13B07FC11A68108700A75B9A /* main.m in Sources */ = {isa = PBXBuildFile; fileRef = 13B07FB71A68108700A75B9A /* main.m */; };
		146834051AC3E58100842450 /* libReact.a in Frameworks */ = {isa = PBXBuildFile; fileRef = 146834041AC3E56700842450 /* libReact.a */; };
		4CD8E7718311449DAD48959A /* libRNVectorIcons.a in Frameworks */ = {isa = PBXBuildFile; fileRef = 08F462FB9DE04EC0834B0650 /* libRNVectorIcons.a */; };
		7B3DA2B9DFA44A2492AEE6E9 /* libRCTActionSheet.a in Frameworks */ = {isa = PBXBuildFile; fileRef = 6900895165DA41BB84501851 /* libRCTActionSheet.a */; };
		832341BD1AAA6AB300B99B32 /* libRCTText.a in Frameworks */ = {isa = PBXBuildFile; fileRef = 832341B51AAA6A8300B99B32 /* libRCTText.a */; };
		D22832EB1C0F3AB100027EA3 /* libRCTCameraRoll.a in Frameworks */ = {isa = PBXBuildFile; fileRef = D22832EA1C0F3A3B00027EA3 /* libRCTCameraRoll.a */; };
		D22832FF1C0FCAFA00027EA3 /* UIImagePickerManager.m in Sources */ = {isa = PBXBuildFile; fileRef = D22832FE1C0FCAFA00027EA3 /* UIImagePickerManager.m */; };
		D22833111C100AB400027EA3 /* libRNPhonePicker.a in Frameworks */ = {isa = PBXBuildFile; fileRef = D22833101C100A9B00027EA3 /* libRNPhonePicker.a */; };
		D25AF01C1BF9AE8100009F01 /* Default-568h@2x.png in Resources */ = {isa = PBXBuildFile; fileRef = D25AF01B1BF9AE8100009F01 /* Default-568h@2x.png */; };
		D2A51F8E1C100D0B00923C26 /* main.jsbundle in Resources */ = {isa = PBXBuildFile; fileRef = D2A51F8D1C100D0B00923C26 /* main.jsbundle */; };
		D2BF469E1C1FFD00002C7185 /* Orientation.m in Sources */ = {isa = PBXBuildFile; fileRef = D2BF469D1C1FFD00002C7185 /* Orientation.m */; };
		D2BF47231C21476C002C7185 /* libGeTuiSdk-1.3.1.a in Frameworks */ = {isa = PBXBuildFile; fileRef = D2BF47221C21476C002C7185 /* libGeTuiSdk-1.3.1.a */; };
		D2BF47261C214901002C7185 /* libz.tbd in Frameworks */ = {isa = PBXBuildFile; fileRef = D2BF47251C214901002C7185 /* libz.tbd */; };
		D2BF47281C214912002C7185 /* libsqlite3.tbd in Frameworks */ = {isa = PBXBuildFile; fileRef = D2BF47271C214912002C7185 /* libsqlite3.tbd */; };
		D2BF472A1C21491D002C7185 /* CFNetwork.framework in Frameworks */ = {isa = PBXBuildFile; fileRef = D2BF47291C21491D002C7185 /* CFNetwork.framework */; };
		D2BF472C1C214929002C7185 /* SystemConfiguration.framework in Frameworks */ = {isa = PBXBuildFile; fileRef = D2BF472B1C214929002C7185 /* SystemConfiguration.framework */; };
		D2BF472E1C214937002C7185 /* CoreTelephony.framework in Frameworks */ = {isa = PBXBuildFile; fileRef = D2BF472D1C214937002C7185 /* CoreTelephony.framework */; };
		D2BF47301C214943002C7185 /* AVFoundation.framework in Frameworks */ = {isa = PBXBuildFile; fileRef = D2BF472F1C214943002C7185 /* AVFoundation.framework */; };
		D2BF47321C21494E002C7185 /* CoreLocation.framework in Frameworks */ = {isa = PBXBuildFile; fileRef = D2BF47311C21494E002C7185 /* CoreLocation.framework */; };
		D2BF47341C21495A002C7185 /* CoreBluetooth.framework in Frameworks */ = {isa = PBXBuildFile; fileRef = D2BF47331C21495A002C7185 /* CoreBluetooth.framework */; };
		D2BF47F51C215158002C7185 /* libRCTPushNotification.a in Frameworks */ = {isa = PBXBuildFile; fileRef = D2BF47F41C215134002C7185 /* libRCTPushNotification.a */; };
		D2BF48341C219DFE002C7185 /* GeTuiManager.m in Sources */ = {isa = PBXBuildFile; fileRef = D2BF48331C219DFE002C7185 /* GeTuiManager.m */; };
		D2ED5D5C1C00788C008826C6 /* libRCTCircleProgress.a in Frameworks */ = {isa = PBXBuildFile; fileRef = D2ED5D501C007876008826C6 /* libRCTCircleProgress.a */; };
		D2ED5D711C069A46008826C6 /* libRNSearchBar.a in Frameworks */ = {isa = PBXBuildFile; fileRef = D2ED5D701C069A2C008826C6 /* libRNSearchBar.a */; };
		D2ED5D781C06DFD2008826C6 /* libRNDeviceInfo.a in Frameworks */ = {isa = PBXBuildFile; fileRef = D2ED5D771C06DFCA008826C6 /* libRNDeviceInfo.a */; };
		D2F072DB1C22FEA600A3BABE /* QiniuManager.m in Sources */ = {isa = PBXBuildFile; fileRef = D2F072DA1C22FEA600A3BABE /* QiniuManager.m */; };
		D2F0738F1C23049F00A3BABE /* GTM_Base64.m in Sources */ = {isa = PBXBuildFile; fileRef = D2F073581C23049F00A3BABE /* GTM_Base64.m */; };
		D2F073901C23049F00A3BABE /* QNALAssetFile.m in Sources */ = {isa = PBXBuildFile; fileRef = D2F0735A1C23049F00A3BABE /* QNALAssetFile.m */; };
		D2F073911C23049F00A3BABE /* QNAsyncRun.m in Sources */ = {isa = PBXBuildFile; fileRef = D2F0735C1C23049F00A3BABE /* QNAsyncRun.m */; };
		D2F073921C23049F00A3BABE /* QNCrc32.m in Sources */ = {isa = PBXBuildFile; fileRef = D2F0735E1C23049F00A3BABE /* QNCrc32.m */; };
		D2F073931C23049F00A3BABE /* QNEtag.m in Sources */ = {isa = PBXBuildFile; fileRef = D2F073601C23049F00A3BABE /* QNEtag.m */; };
		D2F073941C23049F00A3BABE /* QNFile.m in Sources */ = {isa = PBXBuildFile; fileRef = D2F073621C23049F00A3BABE /* QNFile.m */; };
		D2F073951C23049F00A3BABE /* QNPHAssetFile.m in Sources */ = {isa = PBXBuildFile; fileRef = D2F073651C23049F00A3BABE /* QNPHAssetFile.m */; };
		D2F073961C23049F00A3BABE /* QNSystem.m in Sources */ = {isa = PBXBuildFile; fileRef = D2F073671C23049F00A3BABE /* QNSystem.m */; };
		D2F073971C23049F00A3BABE /* QNUrlSafeBase64.m in Sources */ = {isa = PBXBuildFile; fileRef = D2F073691C23049F00A3BABE /* QNUrlSafeBase64.m */; };
		D2F073981C23049F00A3BABE /* QNDns.m in Sources */ = {isa = PBXBuildFile; fileRef = D2F0736D1C23049F00A3BABE /* QNDns.m */; };
		D2F073991C23049F00A3BABE /* QNHttpManager.m in Sources */ = {isa = PBXBuildFile; fileRef = D2F073701C23049F00A3BABE /* QNHttpManager.m */; };
		D2F0739A1C23049F00A3BABE /* QNResponseInfo.m in Sources */ = {isa = PBXBuildFile; fileRef = D2F073721C23049F00A3BABE /* QNResponseInfo.m */; };
		D2F0739B1C23049F00A3BABE /* QNSessionManager.m in Sources */ = {isa = PBXBuildFile; fileRef = D2F073741C23049F00A3BABE /* QNSessionManager.m */; };
		D2F0739C1C23049F00A3BABE /* QNStats.m in Sources */ = {isa = PBXBuildFile; fileRef = D2F073761C23049F00A3BABE /* QNStats.m */; };
		D2F0739D1C23049F00A3BABE /* QNUserAgent.m in Sources */ = {isa = PBXBuildFile; fileRef = D2F073781C23049F00A3BABE /* QNUserAgent.m */; };
		D2F0739E1C23049F00A3BABE /* QNReachability.m in Sources */ = {isa = PBXBuildFile; fileRef = D2F0737C1C23049F00A3BABE /* QNReachability.m */; };
		D2F0739F1C23049F00A3BABE /* QNFileRecorder.m in Sources */ = {isa = PBXBuildFile; fileRef = D2F0737F1C23049F00A3BABE /* QNFileRecorder.m */; };
		D2F073A01C23049F00A3BABE /* QNConfiguration.m in Sources */ = {isa = PBXBuildFile; fileRef = D2F073831C23049F00A3BABE /* QNConfiguration.m */; };
		D2F073A11C23049F00A3BABE /* QNFormUpload.m in Sources */ = {isa = PBXBuildFile; fileRef = D2F073851C23049F00A3BABE /* QNFormUpload.m */; };
		D2F073A21C23049F00A3BABE /* QNResumeUpload.m in Sources */ = {isa = PBXBuildFile; fileRef = D2F073871C23049F00A3BABE /* QNResumeUpload.m */; };
		D2F073A31C23049F00A3BABE /* QNUploadManager.m in Sources */ = {isa = PBXBuildFile; fileRef = D2F073891C23049F00A3BABE /* QNUploadManager.m */; };
		D2F073A41C23049F00A3BABE /* QNUploadOption.m in Sources */ = {isa = PBXBuildFile; fileRef = D2F0738C1C23049F00A3BABE /* QNUploadOption.m */; };
		D2F073A51C23049F00A3BABE /* QNUpToken.m in Sources */ = {isa = PBXBuildFile; fileRef = D2F0738E1C23049F00A3BABE /* QNUpToken.m */; };
		D2F073CF1C2304B800A3BABE /* AFHTTPRequestOperation.m in Sources */ = {isa = PBXBuildFile; fileRef = D2F073A91C2304B800A3BABE /* AFHTTPRequestOperation.m */; };
		D2F073D01C2304B800A3BABE /* AFHTTPRequestOperationManager.m in Sources */ = {isa = PBXBuildFile; fileRef = D2F073AB1C2304B800A3BABE /* AFHTTPRequestOperationManager.m */; };
		D2F073D11C2304B800A3BABE /* AFHTTPSessionManager.m in Sources */ = {isa = PBXBuildFile; fileRef = D2F073AD1C2304B800A3BABE /* AFHTTPSessionManager.m */; };
		D2F073D21C2304B800A3BABE /* AFNetworkReachabilityManager.m in Sources */ = {isa = PBXBuildFile; fileRef = D2F073B01C2304B800A3BABE /* AFNetworkReachabilityManager.m */; };
		D2F073D31C2304B800A3BABE /* AFSecurityPolicy.m in Sources */ = {isa = PBXBuildFile; fileRef = D2F073B21C2304B800A3BABE /* AFSecurityPolicy.m */; };
		D2F073D41C2304B800A3BABE /* AFURLConnectionOperation.m in Sources */ = {isa = PBXBuildFile; fileRef = D2F073B41C2304B800A3BABE /* AFURLConnectionOperation.m */; };
		D2F073D51C2304B800A3BABE /* AFURLRequestSerialization.m in Sources */ = {isa = PBXBuildFile; fileRef = D2F073B61C2304B800A3BABE /* AFURLRequestSerialization.m */; };
		D2F073D61C2304B800A3BABE /* AFURLResponseSerialization.m in Sources */ = {isa = PBXBuildFile; fileRef = D2F073B81C2304B800A3BABE /* AFURLResponseSerialization.m */; };
		D2F073D71C2304B800A3BABE /* AFURLSessionManager.m in Sources */ = {isa = PBXBuildFile; fileRef = D2F073BA1C2304B800A3BABE /* AFURLSessionManager.m */; };
		D2F073D81C2304B800A3BABE /* LICENSE in Resources */ = {isa = PBXBuildFile; fileRef = D2F073BB1C2304B800A3BABE /* LICENSE */; };
		D2F073D91C2304B800A3BABE /* README.md in Sources */ = {isa = PBXBuildFile; fileRef = D2F073BC1C2304B800A3BABE /* README.md */; };
		D2F073DA1C2304B800A3BABE /* AFNetworkActivityIndicatorManager.m in Sources */ = {isa = PBXBuildFile; fileRef = D2F073BF1C2304B800A3BABE /* AFNetworkActivityIndicatorManager.m */; };
		D2F073DB1C2304B800A3BABE /* UIActivityIndicatorView+AFNetworking.m in Sources */ = {isa = PBXBuildFile; fileRef = D2F073C11C2304B800A3BABE /* UIActivityIndicatorView+AFNetworking.m */; };
		D2F073DC1C2304B800A3BABE /* UIAlertView+AFNetworking.m in Sources */ = {isa = PBXBuildFile; fileRef = D2F073C31C2304B800A3BABE /* UIAlertView+AFNetworking.m */; };
		D2F073DD1C2304B800A3BABE /* UIButton+AFNetworking.m in Sources */ = {isa = PBXBuildFile; fileRef = D2F073C51C2304B800A3BABE /* UIButton+AFNetworking.m */; };
		D2F073DE1C2304B800A3BABE /* UIImageView+AFNetworking.m in Sources */ = {isa = PBXBuildFile; fileRef = D2F073C71C2304B800A3BABE /* UIImageView+AFNetworking.m */; };
		D2F073DF1C2304B800A3BABE /* UIProgressView+AFNetworking.m in Sources */ = {isa = PBXBuildFile; fileRef = D2F073CA1C2304B800A3BABE /* UIProgressView+AFNetworking.m */; };
		D2F073E01C2304B800A3BABE /* UIRefreshControl+AFNetworking.m in Sources */ = {isa = PBXBuildFile; fileRef = D2F073CC1C2304B800A3BABE /* UIRefreshControl+AFNetworking.m */; };
		D2F073E11C2304B800A3BABE /* UIWebView+AFNetworking.m in Sources */ = {isa = PBXBuildFile; fileRef = D2F073CE1C2304B800A3BABE /* UIWebView+AFNetworking.m */; };
		D2F074021C2304CA00A3BABE /* QNDnsManager.m in Sources */ = {isa = PBXBuildFile; fileRef = D2F073E61C2304CA00A3BABE /* QNDnsManager.m */; };
		D2F074031C2304CA00A3BABE /* QNDomain.m in Sources */ = {isa = PBXBuildFile; fileRef = D2F073E81C2304CA00A3BABE /* QNDomain.m */; };
		D2F074041C2304CA00A3BABE /* QNNetworkInfo.m in Sources */ = {isa = PBXBuildFile; fileRef = D2F073EA1C2304CA00A3BABE /* QNNetworkInfo.m */; };
		D2F074051C2304CA00A3BABE /* QNRecord.m in Sources */ = {isa = PBXBuildFile; fileRef = D2F073EC1C2304CA00A3BABE /* QNRecord.m */; };
		D2F074061C2304CA00A3BABE /* QNDnspodEnterprise.m in Sources */ = {isa = PBXBuildFile; fileRef = D2F073F11C2304CA00A3BABE /* QNDnspodEnterprise.m */; };
		D2F074071C2304CA00A3BABE /* QNDnspodFree.m in Sources */ = {isa = PBXBuildFile; fileRef = D2F073F31C2304CA00A3BABE /* QNDnspodFree.m */; };
		D2F074081C2304CA00A3BABE /* QNHijackingDetectWrapper.m in Sources */ = {isa = PBXBuildFile; fileRef = D2F073F61C2304CA00A3BABE /* QNHijackingDetectWrapper.m */; };
		D2F074091C2304CA00A3BABE /* QNHosts.m in Sources */ = {isa = PBXBuildFile; fileRef = D2F073F81C2304CA00A3BABE /* QNHosts.m */; };
		D2F0740A1C2304CA00A3BABE /* QNResolver.m in Sources */ = {isa = PBXBuildFile; fileRef = D2F073FA1C2304CA00A3BABE /* QNResolver.m */; };
		D2F0740B1C2304CA00A3BABE /* QNDes.m in Sources */ = {isa = PBXBuildFile; fileRef = D2F073FD1C2304CA00A3BABE /* QNDes.m */; };
		D2F0740C1C2304CA00A3BABE /* QNHex.m in Sources */ = {isa = PBXBuildFile; fileRef = D2F073FF1C2304CA00A3BABE /* QNHex.m */; };
		D2F0740D1C2304CA00A3BABE /* LICENSE in Resources */ = {isa = PBXBuildFile; fileRef = D2F074001C2304CA00A3BABE /* LICENSE */; };
		D2F0740E1C2304CA00A3BABE /* README.md in Sources */ = {isa = PBXBuildFile; fileRef = D2F074011C2304CA00A3BABE /* README.md */; };
		D2F074101C23057000A3BABE /* libresolv.tbd in Frameworks */ = {isa = PBXBuildFile; fileRef = D2F0740F1C23057000A3BABE /* libresolv.tbd */; };
		D2F074121C23057D00A3BABE /* libresolv.9.tbd in Frameworks */ = {isa = PBXBuildFile; fileRef = D2F074111C23057D00A3BABE /* libresolv.9.tbd */; };
/* End PBXBuildFile section */

/* Begin PBXContainerItemProxy section */
		00C302AB1ABCB8CE00DB3ED1 /* PBXContainerItemProxy */ = {
			isa = PBXContainerItemProxy;
			containerPortal = 00C302A71ABCB8CE00DB3ED1 /* RCTActionSheet.xcodeproj */;
			proxyType = 2;
			remoteGlobalIDString = 134814201AA4EA6300B7C361;
			remoteInfo = RCTActionSheet;
		};
		00C302B91ABCB90400DB3ED1 /* PBXContainerItemProxy */ = {
			isa = PBXContainerItemProxy;
			containerPortal = 00C302B51ABCB90400DB3ED1 /* RCTGeolocation.xcodeproj */;
			proxyType = 2;
			remoteGlobalIDString = 134814201AA4EA6300B7C361;
			remoteInfo = RCTGeolocation;
		};
		00C302BF1ABCB91800DB3ED1 /* PBXContainerItemProxy */ = {
			isa = PBXContainerItemProxy;
			containerPortal = 00C302BB1ABCB91800DB3ED1 /* RCTImage.xcodeproj */;
			proxyType = 2;
			remoteGlobalIDString = 58B5115D1A9E6B3D00147676;
			remoteInfo = RCTImage;
		};
		00C302DB1ABCB9D200DB3ED1 /* PBXContainerItemProxy */ = {
			isa = PBXContainerItemProxy;
			containerPortal = 00C302D31ABCB9D200DB3ED1 /* RCTNetwork.xcodeproj */;
			proxyType = 2;
			remoteGlobalIDString = 58B511DB1A9E6C8500147676;
			remoteInfo = RCTNetwork;
		};
		00C302E31ABCB9EE00DB3ED1 /* PBXContainerItemProxy */ = {
			isa = PBXContainerItemProxy;
			containerPortal = 00C302DF1ABCB9EE00DB3ED1 /* RCTVibration.xcodeproj */;
			proxyType = 2;
			remoteGlobalIDString = 832C81801AAF6DEF007FA2F7;
			remoteInfo = RCTVibration;
		};
		00E356F41AD99517003FC87E /* PBXContainerItemProxy */ = {
			isa = PBXContainerItemProxy;
			containerPortal = 83CBB9F71A601CBA00E9B192 /* Project object */;
			proxyType = 1;
			remoteGlobalIDString = 13B07F861A680F5B00A75B9A;
			remoteInfo = awesomeMobile;
		};
		139105C01AF99BAD00B5F7CC /* PBXContainerItemProxy */ = {
			isa = PBXContainerItemProxy;
			containerPortal = 139105B61AF99BAD00B5F7CC /* RCTSettings.xcodeproj */;
			proxyType = 2;
			remoteGlobalIDString = 134814201AA4EA6300B7C361;
			remoteInfo = RCTSettings;
		};
		139FDEF31B06529B00C62182 /* PBXContainerItemProxy */ = {
			isa = PBXContainerItemProxy;
			containerPortal = 139FDEE61B06529A00C62182 /* RCTWebSocket.xcodeproj */;
			proxyType = 2;
			remoteGlobalIDString = 3C86DF461ADF2C930047B81A;
			remoteInfo = RCTWebSocket;
		};
		146834031AC3E56700842450 /* PBXContainerItemProxy */ = {
			isa = PBXContainerItemProxy;
			containerPortal = 146833FF1AC3E56700842450 /* React.xcodeproj */;
			proxyType = 2;
			remoteGlobalIDString = 83CBBA2E1A601D0E00E9B192;
			remoteInfo = React;
		};
		78C398B81ACF4ADC00677621 /* PBXContainerItemProxy */ = {
			isa = PBXContainerItemProxy;
			containerPortal = 78C398B01ACF4ADC00677621 /* RCTLinking.xcodeproj */;
			proxyType = 2;
			remoteGlobalIDString = 134814201AA4EA6300B7C361;
			remoteInfo = RCTLinking;
		};
		832341B41AAA6A8300B99B32 /* PBXContainerItemProxy */ = {
			isa = PBXContainerItemProxy;
			containerPortal = 832341B01AAA6A8300B99B32 /* RCTText.xcodeproj */;
			proxyType = 2;
			remoteGlobalIDString = 58B5119B1A9E6C1200147676;
			remoteInfo = RCTText;
		};
		D22832E91C0F3A3B00027EA3 /* PBXContainerItemProxy */ = {
			isa = PBXContainerItemProxy;
			containerPortal = D22832E51C0F3A3B00027EA3 /* RCTCameraRoll.xcodeproj */;
			proxyType = 2;
			remoteGlobalIDString = 58B5115D1A9E6B3D00147676;
			remoteInfo = RCTCameraRoll;
		};
		D228330F1C100A9B00027EA3 /* PBXContainerItemProxy */ = {
			isa = PBXContainerItemProxy;
			containerPortal = D228330B1C100A9B00027EA3 /* RNPhonePicker.xcodeproj */;
			proxyType = 2;
			remoteGlobalIDString = 409A073B1B9047BF00F6A547;
			remoteInfo = RNPhonePicker;
		};
		D2BF46F91C2134CE002C7185 /* PBXContainerItemProxy */ = {
			isa = PBXContainerItemProxy;
			containerPortal = A41307C31BEB4DB3B993E0F8 /* RNVectorIcons.xcodeproj */;
			proxyType = 2;
			remoteGlobalIDString = 5DBEB1501B18CEA900B34395;
			remoteInfo = RNVectorIcons;
		};
		D2BF47F31C215134002C7185 /* PBXContainerItemProxy */ = {
			isa = PBXContainerItemProxy;
			containerPortal = D2BF47EF1C215134002C7185 /* RCTPushNotification.xcodeproj */;
			proxyType = 2;
			remoteGlobalIDString = 134814201AA4EA6300B7C361;
			remoteInfo = RCTPushNotification;
		};
		D2ED5D4F1C007876008826C6 /* PBXContainerItemProxy */ = {
			isa = PBXContainerItemProxy;
			containerPortal = D2ED5D491C007876008826C6 /* RCTCircleProgress.xcodeproj */;
			proxyType = 2;
			remoteGlobalIDString = F8BD55BA1B6A6B6200E49ED0;
			remoteInfo = RCTCircleProgress;
		};
		D2ED5D511C007876008826C6 /* PBXContainerItemProxy */ = {
			isa = PBXContainerItemProxy;
			containerPortal = D2ED5D491C007876008826C6 /* RCTCircleProgress.xcodeproj */;
			proxyType = 2;
			remoteGlobalIDString = F8BD55C51B6A6B6200E49ED0;
			remoteInfo = RCTCircleProgressTests;
		};
		D2ED5D6F1C069A2C008826C6 /* PBXContainerItemProxy */ = {
			isa = PBXContainerItemProxy;
			containerPortal = D2ED5D6B1C069A2C008826C6 /* RNSearchBar.xcodeproj */;
			proxyType = 2;
			remoteGlobalIDString = 134814201AA4EA6300B7C361;
			remoteInfo = RNSearchBar;
		};
		D2ED5D761C06DFCA008826C6 /* PBXContainerItemProxy */ = {
			isa = PBXContainerItemProxy;
			containerPortal = D2ED5D721C06DFCA008826C6 /* RNDeviceInfo.xcodeproj */;
			proxyType = 2;
			remoteGlobalIDString = DA5891D81BA9A9FC002B4DB2;
			remoteInfo = RNDeviceInfo;
		};
/* End PBXContainerItemProxy section */

/* Begin PBXFileReference section */
		00C302A71ABCB8CE00DB3ED1 /* RCTActionSheet.xcodeproj */ = {isa = PBXFileReference; lastKnownFileType = "wrapper.pb-project"; name = RCTActionSheet.xcodeproj; path = "../node_modules/react-native/Libraries/ActionSheetIOS/RCTActionSheet.xcodeproj"; sourceTree = "<group>"; };
		00C302B51ABCB90400DB3ED1 /* RCTGeolocation.xcodeproj */ = {isa = PBXFileReference; lastKnownFileType = "wrapper.pb-project"; name = RCTGeolocation.xcodeproj; path = "../node_modules/react-native/Libraries/Geolocation/RCTGeolocation.xcodeproj"; sourceTree = "<group>"; };
		00C302BB1ABCB91800DB3ED1 /* RCTImage.xcodeproj */ = {isa = PBXFileReference; lastKnownFileType = "wrapper.pb-project"; name = RCTImage.xcodeproj; path = "../node_modules/react-native/Libraries/Image/RCTImage.xcodeproj"; sourceTree = "<group>"; };
		00C302D31ABCB9D200DB3ED1 /* RCTNetwork.xcodeproj */ = {isa = PBXFileReference; lastKnownFileType = "wrapper.pb-project"; name = RCTNetwork.xcodeproj; path = "../node_modules/react-native/Libraries/Network/RCTNetwork.xcodeproj"; sourceTree = "<group>"; };
		00C302DF1ABCB9EE00DB3ED1 /* RCTVibration.xcodeproj */ = {isa = PBXFileReference; lastKnownFileType = "wrapper.pb-project"; name = RCTVibration.xcodeproj; path = "../node_modules/react-native/Libraries/Vibration/RCTVibration.xcodeproj"; sourceTree = "<group>"; };
		00E356F11AD99517003FC87E /* Info.plist */ = {isa = PBXFileReference; lastKnownFileType = text.plist.xml; path = Info.plist; sourceTree = "<group>"; };
		00E356F21AD99517003FC87E /* awesomeMobileTests.m */ = {isa = PBXFileReference; lastKnownFileType = sourcecode.c.objc; path = awesomeMobileTests.m; sourceTree = "<group>"; };
		08F462FB9DE04EC0834B0650 /* libRNVectorIcons.a */ = {isa = PBXFileReference; explicitFileType = undefined; fileEncoding = 9; includeInIndex = 0; lastKnownFileType = archive.ar; path = libRNVectorIcons.a; sourceTree = "<group>"; };
		139105B61AF99BAD00B5F7CC /* RCTSettings.xcodeproj */ = {isa = PBXFileReference; lastKnownFileType = "wrapper.pb-project"; name = RCTSettings.xcodeproj; path = "../node_modules/react-native/Libraries/Settings/RCTSettings.xcodeproj"; sourceTree = "<group>"; };
		139FDEE61B06529A00C62182 /* RCTWebSocket.xcodeproj */ = {isa = PBXFileReference; lastKnownFileType = "wrapper.pb-project"; name = RCTWebSocket.xcodeproj; path = "../node_modules/react-native/Libraries/WebSocket/RCTWebSocket.xcodeproj"; sourceTree = "<group>"; };
		13B07FAF1A68108700A75B9A /* AppDelegate.h */ = {isa = PBXFileReference; fileEncoding = 4; lastKnownFileType = sourcecode.c.h; name = AppDelegate.h; path = awesomeMobile/AppDelegate.h; sourceTree = "<group>"; };
		13B07FB01A68108700A75B9A /* AppDelegate.m */ = {isa = PBXFileReference; fileEncoding = 4; lastKnownFileType = sourcecode.c.objc; name = AppDelegate.m; path = awesomeMobile/AppDelegate.m; sourceTree = "<group>"; };
		13B07FB51A68108700A75B9A /* Images.xcassets */ = {isa = PBXFileReference; lastKnownFileType = folder.assetcatalog; name = Images.xcassets; path = awesomeMobile/Images.xcassets; sourceTree = "<group>"; };
		13B07FB61A68108700A75B9A /* Info.plist */ = {isa = PBXFileReference; fileEncoding = 4; lastKnownFileType = text.plist.xml; name = Info.plist; path = awesomeMobile/Info.plist; sourceTree = "<group>"; };
		13B07FB71A68108700A75B9A /* main.m */ = {isa = PBXFileReference; fileEncoding = 4; lastKnownFileType = sourcecode.c.objc; name = main.m; path = awesomeMobile/main.m; sourceTree = "<group>"; };
		146833FF1AC3E56700842450 /* React.xcodeproj */ = {isa = PBXFileReference; lastKnownFileType = "wrapper.pb-project"; name = React.xcodeproj; path = "../node_modules/react-native/React/React.xcodeproj"; sourceTree = "<group>"; };
		6900895165DA41BB84501851 /* libRCTActionSheet.a */ = {isa = PBXFileReference; explicitFileType = undefined; fileEncoding = 9; includeInIndex = 0; lastKnownFileType = archive.ar; path = libRCTActionSheet.a; sourceTree = "<group>"; };
		78C398B01ACF4ADC00677621 /* RCTLinking.xcodeproj */ = {isa = PBXFileReference; lastKnownFileType = "wrapper.pb-project"; name = RCTLinking.xcodeproj; path = "../node_modules/react-native/Libraries/LinkingIOS/RCTLinking.xcodeproj"; sourceTree = "<group>"; };
		832341B01AAA6A8300B99B32 /* RCTText.xcodeproj */ = {isa = PBXFileReference; lastKnownFileType = "wrapper.pb-project"; name = RCTText.xcodeproj; path = "../node_modules/react-native/Libraries/Text/RCTText.xcodeproj"; sourceTree = "<group>"; };
		A41307C31BEB4DB3B993E0F8 /* RNVectorIcons.xcodeproj */ = {isa = PBXFileReference; explicitFileType = undefined; fileEncoding = 9; includeInIndex = 0; lastKnownFileType = "wrapper.pb-project"; name = RNVectorIcons.xcodeproj; path = "../node_modules/react-native-vector-icons/RNVectorIcons.xcodeproj"; sourceTree = "<group>"; };
		D22832E51C0F3A3B00027EA3 /* RCTCameraRoll.xcodeproj */ = {isa = PBXFileReference; lastKnownFileType = "wrapper.pb-project"; name = RCTCameraRoll.xcodeproj; path = "../node_modules/react-native/Libraries/CameraRoll/RCTCameraRoll.xcodeproj"; sourceTree = "<group>"; };
		D22832FD1C0FCAFA00027EA3 /* UIImagePickerManager.h */ = {isa = PBXFileReference; fileEncoding = 4; lastKnownFileType = sourcecode.c.h; path = UIImagePickerManager.h; sourceTree = "<group>"; };
		D22832FE1C0FCAFA00027EA3 /* UIImagePickerManager.m */ = {isa = PBXFileReference; fileEncoding = 4; lastKnownFileType = sourcecode.c.objc; path = UIImagePickerManager.m; sourceTree = "<group>"; };
		D228330B1C100A9B00027EA3 /* RNPhonePicker.xcodeproj */ = {isa = PBXFileReference; lastKnownFileType = "wrapper.pb-project"; name = RNPhonePicker.xcodeproj; path = "../node_modules/react-native-phone-picker/RNPhonePicker.xcodeproj"; sourceTree = "<group>"; };
		D25AF01B1BF9AE8100009F01 /* Default-568h@2x.png */ = {isa = PBXFileReference; lastKnownFileType = image.png; path = "Default-568h@2x.png"; sourceTree = "<group>"; };
		D26F5C9A1C23A8E4006D4BE7 /* awesomeMobile.app */ = {isa = PBXFileReference; explicitFileType = wrapper.application; includeInIndex = 0; path = awesomeMobile.app; sourceTree = BUILT_PRODUCTS_DIR; };
		D26F5C9B1C23A8E4006D4BE7 /* awesomeMobileTests.xctest */ = {isa = PBXFileReference; explicitFileType = wrapper.cfbundle; includeInIndex = 0; path = awesomeMobileTests.xctest; sourceTree = BUILT_PRODUCTS_DIR; };
		D2A51F8D1C100D0B00923C26 /* main.jsbundle */ = {isa = PBXFileReference; fileEncoding = 4; lastKnownFileType = text; path = main.jsbundle; sourceTree = "<group>"; };
		D2BF469C1C1FFD00002C7185 /* Orientation.h */ = {isa = PBXFileReference; fileEncoding = 4; lastKnownFileType = sourcecode.c.h; path = Orientation.h; sourceTree = "<group>"; };
		D2BF469D1C1FFD00002C7185 /* Orientation.m */ = {isa = PBXFileReference; fileEncoding = 4; lastKnownFileType = sourcecode.c.objc; path = Orientation.m; sourceTree = "<group>"; };
		D2BF47211C21476C002C7185 /* GeTuiSdk.h */ = {isa = PBXFileReference; fileEncoding = 4; lastKnownFileType = sourcecode.c.h; path = GeTuiSdk.h; sourceTree = "<group>"; };
		D2BF47221C21476C002C7185 /* libGeTuiSdk-1.3.1.a */ = {isa = PBXFileReference; lastKnownFileType = archive.ar; path = "libGeTuiSdk-1.3.1.a"; sourceTree = "<group>"; };
		D2BF47251C214901002C7185 /* libz.tbd */ = {isa = PBXFileReference; lastKnownFileType = "sourcecode.text-based-dylib-definition"; name = libz.tbd; path = usr/lib/libz.tbd; sourceTree = SDKROOT; };
		D2BF47271C214912002C7185 /* libsqlite3.tbd */ = {isa = PBXFileReference; lastKnownFileType = "sourcecode.text-based-dylib-definition"; name = libsqlite3.tbd; path = usr/lib/libsqlite3.tbd; sourceTree = SDKROOT; };
		D2BF47291C21491D002C7185 /* CFNetwork.framework */ = {isa = PBXFileReference; lastKnownFileType = wrapper.framework; name = CFNetwork.framework; path = System/Library/Frameworks/CFNetwork.framework; sourceTree = SDKROOT; };
		D2BF472B1C214929002C7185 /* SystemConfiguration.framework */ = {isa = PBXFileReference; lastKnownFileType = wrapper.framework; name = SystemConfiguration.framework; path = System/Library/Frameworks/SystemConfiguration.framework; sourceTree = SDKROOT; };
		D2BF472D1C214937002C7185 /* CoreTelephony.framework */ = {isa = PBXFileReference; lastKnownFileType = wrapper.framework; name = CoreTelephony.framework; path = System/Library/Frameworks/CoreTelephony.framework; sourceTree = SDKROOT; };
		D2BF472F1C214943002C7185 /* AVFoundation.framework */ = {isa = PBXFileReference; lastKnownFileType = wrapper.framework; name = AVFoundation.framework; path = System/Library/Frameworks/AVFoundation.framework; sourceTree = SDKROOT; };
		D2BF47311C21494E002C7185 /* CoreLocation.framework */ = {isa = PBXFileReference; lastKnownFileType = wrapper.framework; name = CoreLocation.framework; path = System/Library/Frameworks/CoreLocation.framework; sourceTree = SDKROOT; };
		D2BF47331C21495A002C7185 /* CoreBluetooth.framework */ = {isa = PBXFileReference; lastKnownFileType = wrapper.framework; name = CoreBluetooth.framework; path = System/Library/Frameworks/CoreBluetooth.framework; sourceTree = SDKROOT; };
		D2BF47EF1C215134002C7185 /* RCTPushNotification.xcodeproj */ = {isa = PBXFileReference; lastKnownFileType = "wrapper.pb-project"; name = RCTPushNotification.xcodeproj; path = "../node_modules/react-native/Libraries/PushNotificationIOS/RCTPushNotification.xcodeproj"; sourceTree = "<group>"; };
		D2BF48331C219DFE002C7185 /* GeTuiManager.m */ = {isa = PBXFileReference; fileEncoding = 4; lastKnownFileType = sourcecode.c.objc; path = GeTuiManager.m; sourceTree = "<group>"; };
		D2BF48351C219E1C002C7185 /* GeTuiManager.h */ = {isa = PBXFileReference; lastKnownFileType = sourcecode.c.h; path = GeTuiManager.h; sourceTree = "<group>"; };
		D2ED5D491C007876008826C6 /* RCTCircleProgress.xcodeproj */ = {isa = PBXFileReference; lastKnownFileType = "wrapper.pb-project"; name = RCTCircleProgress.xcodeproj; path = "../../../../github/react-native-circle-progress/RCTCircleProgress.xcodeproj"; sourceTree = "<group>"; };
		D2ED5D6B1C069A2C008826C6 /* RNSearchBar.xcodeproj */ = {isa = PBXFileReference; lastKnownFileType = "wrapper.pb-project"; name = RNSearchBar.xcodeproj; path = "../node_modules/react-native-search-bar/RNSearchBar.xcodeproj"; sourceTree = "<group>"; };
		D2ED5D721C06DFCA008826C6 /* RNDeviceInfo.xcodeproj */ = {isa = PBXFileReference; lastKnownFileType = "wrapper.pb-project"; name = RNDeviceInfo.xcodeproj; path = "../node_modules/react-native-device-info/RNDeviceInfo.xcodeproj"; sourceTree = "<group>"; };
		D2F072D91C22FE9E00A3BABE /* QiniuManager.h */ = {isa = PBXFileReference; fileEncoding = 4; lastKnownFileType = sourcecode.c.h; path = QiniuManager.h; sourceTree = "<group>"; };
		D2F072DA1C22FEA600A3BABE /* QiniuManager.m */ = {isa = PBXFileReference; fileEncoding = 4; lastKnownFileType = sourcecode.c.objc; path = QiniuManager.m; sourceTree = "<group>"; };
		D2F073571C23049F00A3BABE /* GTM_Base64.h */ = {isa = PBXFileReference; fileEncoding = 4; lastKnownFileType = sourcecode.c.h; path = GTM_Base64.h; sourceTree = "<group>"; };
		D2F073581C23049F00A3BABE /* GTM_Base64.m */ = {isa = PBXFileReference; fileEncoding = 4; lastKnownFileType = sourcecode.c.objc; path = GTM_Base64.m; sourceTree = "<group>"; };
		D2F073591C23049F00A3BABE /* QNALAssetFile.h */ = {isa = PBXFileReference; fileEncoding = 4; lastKnownFileType = sourcecode.c.h; path = QNALAssetFile.h; sourceTree = "<group>"; };
		D2F0735A1C23049F00A3BABE /* QNALAssetFile.m */ = {isa = PBXFileReference; fileEncoding = 4; lastKnownFileType = sourcecode.c.objc; path = QNALAssetFile.m; sourceTree = "<group>"; };
		D2F0735B1C23049F00A3BABE /* QNAsyncRun.h */ = {isa = PBXFileReference; fileEncoding = 4; lastKnownFileType = sourcecode.c.h; path = QNAsyncRun.h; sourceTree = "<group>"; };
		D2F0735C1C23049F00A3BABE /* QNAsyncRun.m */ = {isa = PBXFileReference; fileEncoding = 4; lastKnownFileType = sourcecode.c.objc; path = QNAsyncRun.m; sourceTree = "<group>"; };
		D2F0735D1C23049F00A3BABE /* QNCrc32.h */ = {isa = PBXFileReference; fileEncoding = 4; lastKnownFileType = sourcecode.c.h; path = QNCrc32.h; sourceTree = "<group>"; };
		D2F0735E1C23049F00A3BABE /* QNCrc32.m */ = {isa = PBXFileReference; fileEncoding = 4; lastKnownFileType = sourcecode.c.objc; path = QNCrc32.m; sourceTree = "<group>"; };
		D2F0735F1C23049F00A3BABE /* QNEtag.h */ = {isa = PBXFileReference; fileEncoding = 4; lastKnownFileType = sourcecode.c.h; path = QNEtag.h; sourceTree = "<group>"; };
		D2F073601C23049F00A3BABE /* QNEtag.m */ = {isa = PBXFileReference; fileEncoding = 4; lastKnownFileType = sourcecode.c.objc; path = QNEtag.m; sourceTree = "<group>"; };
		D2F073611C23049F00A3BABE /* QNFile.h */ = {isa = PBXFileReference; fileEncoding = 4; lastKnownFileType = sourcecode.c.h; path = QNFile.h; sourceTree = "<group>"; };
		D2F073621C23049F00A3BABE /* QNFile.m */ = {isa = PBXFileReference; fileEncoding = 4; lastKnownFileType = sourcecode.c.objc; path = QNFile.m; sourceTree = "<group>"; };
		D2F073631C23049F00A3BABE /* QNFileDelegate.h */ = {isa = PBXFileReference; fileEncoding = 4; lastKnownFileType = sourcecode.c.h; path = QNFileDelegate.h; sourceTree = "<group>"; };
		D2F073641C23049F00A3BABE /* QNPHAssetFile.h */ = {isa = PBXFileReference; fileEncoding = 4; lastKnownFileType = sourcecode.c.h; path = QNPHAssetFile.h; sourceTree = "<group>"; };
		D2F073651C23049F00A3BABE /* QNPHAssetFile.m */ = {isa = PBXFileReference; fileEncoding = 4; lastKnownFileType = sourcecode.c.objc; path = QNPHAssetFile.m; sourceTree = "<group>"; };
		D2F073661C23049F00A3BABE /* QNSystem.h */ = {isa = PBXFileReference; fileEncoding = 4; lastKnownFileType = sourcecode.c.h; path = QNSystem.h; sourceTree = "<group>"; };
		D2F073671C23049F00A3BABE /* QNSystem.m */ = {isa = PBXFileReference; fileEncoding = 4; lastKnownFileType = sourcecode.c.objc; path = QNSystem.m; sourceTree = "<group>"; };
		D2F073681C23049F00A3BABE /* QNUrlSafeBase64.h */ = {isa = PBXFileReference; fileEncoding = 4; lastKnownFileType = sourcecode.c.h; path = QNUrlSafeBase64.h; sourceTree = "<group>"; };
		D2F073691C23049F00A3BABE /* QNUrlSafeBase64.m */ = {isa = PBXFileReference; fileEncoding = 4; lastKnownFileType = sourcecode.c.objc; path = QNUrlSafeBase64.m; sourceTree = "<group>"; };
		D2F0736A1C23049F00A3BABE /* QNVersion.h */ = {isa = PBXFileReference; fileEncoding = 4; lastKnownFileType = sourcecode.c.h; path = QNVersion.h; sourceTree = "<group>"; };
		D2F0736C1C23049F00A3BABE /* QNDns.h */ = {isa = PBXFileReference; fileEncoding = 4; lastKnownFileType = sourcecode.c.h; path = QNDns.h; sourceTree = "<group>"; };
		D2F0736D1C23049F00A3BABE /* QNDns.m */ = {isa = PBXFileReference; fileEncoding = 4; lastKnownFileType = sourcecode.c.objc; path = QNDns.m; sourceTree = "<group>"; };
		D2F0736E1C23049F00A3BABE /* QNHttpDelegate.h */ = {isa = PBXFileReference; fileEncoding = 4; lastKnownFileType = sourcecode.c.h; path = QNHttpDelegate.h; sourceTree = "<group>"; };
		D2F0736F1C23049F00A3BABE /* QNHttpManager.h */ = {isa = PBXFileReference; fileEncoding = 4; lastKnownFileType = sourcecode.c.h; path = QNHttpManager.h; sourceTree = "<group>"; };
		D2F073701C23049F00A3BABE /* QNHttpManager.m */ = {isa = PBXFileReference; fileEncoding = 4; lastKnownFileType = sourcecode.c.objc; path = QNHttpManager.m; sourceTree = "<group>"; };
		D2F073711C23049F00A3BABE /* QNResponseInfo.h */ = {isa = PBXFileReference; fileEncoding = 4; lastKnownFileType = sourcecode.c.h; path = QNResponseInfo.h; sourceTree = "<group>"; };
		D2F073721C23049F00A3BABE /* QNResponseInfo.m */ = {isa = PBXFileReference; fileEncoding = 4; lastKnownFileType = sourcecode.c.objc; path = QNResponseInfo.m; sourceTree = "<group>"; };
		D2F073731C23049F00A3BABE /* QNSessionManager.h */ = {isa = PBXFileReference; fileEncoding = 4; lastKnownFileType = sourcecode.c.h; path = QNSessionManager.h; sourceTree = "<group>"; };
		D2F073741C23049F00A3BABE /* QNSessionManager.m */ = {isa = PBXFileReference; fileEncoding = 4; lastKnownFileType = sourcecode.c.objc; path = QNSessionManager.m; sourceTree = "<group>"; };
		D2F073751C23049F00A3BABE /* QNStats.h */ = {isa = PBXFileReference; fileEncoding = 4; lastKnownFileType = sourcecode.c.h; path = QNStats.h; sourceTree = "<group>"; };
		D2F073761C23049F00A3BABE /* QNStats.m */ = {isa = PBXFileReference; fileEncoding = 4; lastKnownFileType = sourcecode.c.objc; path = QNStats.m; sourceTree = "<group>"; };
		D2F073771C23049F00A3BABE /* QNUserAgent.h */ = {isa = PBXFileReference; fileEncoding = 4; lastKnownFileType = sourcecode.c.h; path = QNUserAgent.h; sourceTree = "<group>"; };
		D2F073781C23049F00A3BABE /* QNUserAgent.m */ = {isa = PBXFileReference; fileEncoding = 4; lastKnownFileType = sourcecode.c.objc; path = QNUserAgent.m; sourceTree = "<group>"; };
		D2F073791C23049F00A3BABE /* QiniuSDK.h */ = {isa = PBXFileReference; fileEncoding = 4; lastKnownFileType = sourcecode.c.h; path = QiniuSDK.h; sourceTree = "<group>"; };
		D2F0737B1C23049F00A3BABE /* QNReachability.h */ = {isa = PBXFileReference; fileEncoding = 4; lastKnownFileType = sourcecode.c.h; path = QNReachability.h; sourceTree = "<group>"; };
		D2F0737C1C23049F00A3BABE /* QNReachability.m */ = {isa = PBXFileReference; fileEncoding = 4; lastKnownFileType = sourcecode.c.objc; path = QNReachability.m; sourceTree = "<group>"; };
		D2F0737E1C23049F00A3BABE /* QNFileRecorder.h */ = {isa = PBXFileReference; fileEncoding = 4; lastKnownFileType = sourcecode.c.h; path = QNFileRecorder.h; sourceTree = "<group>"; };
		D2F0737F1C23049F00A3BABE /* QNFileRecorder.m */ = {isa = PBXFileReference; fileEncoding = 4; lastKnownFileType = sourcecode.c.objc; path = QNFileRecorder.m; sourceTree = "<group>"; };
		D2F073801C23049F00A3BABE /* QNRecorderDelegate.h */ = {isa = PBXFileReference; fileEncoding = 4; lastKnownFileType = sourcecode.c.h; path = QNRecorderDelegate.h; sourceTree = "<group>"; };
		D2F073821C23049F00A3BABE /* QNConfiguration.h */ = {isa = PBXFileReference; fileEncoding = 4; lastKnownFileType = sourcecode.c.h; path = QNConfiguration.h; sourceTree = "<group>"; };
		D2F073831C23049F00A3BABE /* QNConfiguration.m */ = {isa = PBXFileReference; fileEncoding = 4; lastKnownFileType = sourcecode.c.objc; path = QNConfiguration.m; sourceTree = "<group>"; };
		D2F073841C23049F00A3BABE /* QNFormUpload.h */ = {isa = PBXFileReference; fileEncoding = 4; lastKnownFileType = sourcecode.c.h; path = QNFormUpload.h; sourceTree = "<group>"; };
		D2F073851C23049F00A3BABE /* QNFormUpload.m */ = {isa = PBXFileReference; fileEncoding = 4; lastKnownFileType = sourcecode.c.objc; path = QNFormUpload.m; sourceTree = "<group>"; };
		D2F073861C23049F00A3BABE /* QNResumeUpload.h */ = {isa = PBXFileReference; fileEncoding = 4; lastKnownFileType = sourcecode.c.h; path = QNResumeUpload.h; sourceTree = "<group>"; };
		D2F073871C23049F00A3BABE /* QNResumeUpload.m */ = {isa = PBXFileReference; fileEncoding = 4; lastKnownFileType = sourcecode.c.objc; path = QNResumeUpload.m; sourceTree = "<group>"; };
		D2F073881C23049F00A3BABE /* QNUploadManager.h */ = {isa = PBXFileReference; fileEncoding = 4; lastKnownFileType = sourcecode.c.h; path = QNUploadManager.h; sourceTree = "<group>"; };
		D2F073891C23049F00A3BABE /* QNUploadManager.m */ = {isa = PBXFileReference; fileEncoding = 4; lastKnownFileType = sourcecode.c.objc; path = QNUploadManager.m; sourceTree = "<group>"; };
		D2F0738A1C23049F00A3BABE /* QNUploadOption+Private.h */ = {isa = PBXFileReference; fileEncoding = 4; lastKnownFileType = sourcecode.c.h; path = "QNUploadOption+Private.h"; sourceTree = "<group>"; };
		D2F0738B1C23049F00A3BABE /* QNUploadOption.h */ = {isa = PBXFileReference; fileEncoding = 4; lastKnownFileType = sourcecode.c.h; path = QNUploadOption.h; sourceTree = "<group>"; };
		D2F0738C1C23049F00A3BABE /* QNUploadOption.m */ = {isa = PBXFileReference; fileEncoding = 4; lastKnownFileType = sourcecode.c.objc; path = QNUploadOption.m; sourceTree = "<group>"; };
		D2F0738D1C23049F00A3BABE /* QNUpToken.h */ = {isa = PBXFileReference; fileEncoding = 4; lastKnownFileType = sourcecode.c.h; path = QNUpToken.h; sourceTree = "<group>"; };
		D2F0738E1C23049F00A3BABE /* QNUpToken.m */ = {isa = PBXFileReference; fileEncoding = 4; lastKnownFileType = sourcecode.c.objc; path = QNUpToken.m; sourceTree = "<group>"; };
		D2F073A81C2304B800A3BABE /* AFHTTPRequestOperation.h */ = {isa = PBXFileReference; fileEncoding = 4; lastKnownFileType = sourcecode.c.h; path = AFHTTPRequestOperation.h; sourceTree = "<group>"; };
		D2F073A91C2304B800A3BABE /* AFHTTPRequestOperation.m */ = {isa = PBXFileReference; fileEncoding = 4; lastKnownFileType = sourcecode.c.objc; path = AFHTTPRequestOperation.m; sourceTree = "<group>"; };
		D2F073AA1C2304B800A3BABE /* AFHTTPRequestOperationManager.h */ = {isa = PBXFileReference; fileEncoding = 4; lastKnownFileType = sourcecode.c.h; path = AFHTTPRequestOperationManager.h; sourceTree = "<group>"; };
		D2F073AB1C2304B800A3BABE /* AFHTTPRequestOperationManager.m */ = {isa = PBXFileReference; fileEncoding = 4; lastKnownFileType = sourcecode.c.objc; path = AFHTTPRequestOperationManager.m; sourceTree = "<group>"; };
		D2F073AC1C2304B800A3BABE /* AFHTTPSessionManager.h */ = {isa = PBXFileReference; fileEncoding = 4; lastKnownFileType = sourcecode.c.h; path = AFHTTPSessionManager.h; sourceTree = "<group>"; };
		D2F073AD1C2304B800A3BABE /* AFHTTPSessionManager.m */ = {isa = PBXFileReference; fileEncoding = 4; lastKnownFileType = sourcecode.c.objc; path = AFHTTPSessionManager.m; sourceTree = "<group>"; };
		D2F073AE1C2304B800A3BABE /* AFNetworking.h */ = {isa = PBXFileReference; fileEncoding = 4; lastKnownFileType = sourcecode.c.h; path = AFNetworking.h; sourceTree = "<group>"; };
		D2F073AF1C2304B800A3BABE /* AFNetworkReachabilityManager.h */ = {isa = PBXFileReference; fileEncoding = 4; lastKnownFileType = sourcecode.c.h; path = AFNetworkReachabilityManager.h; sourceTree = "<group>"; };
		D2F073B01C2304B800A3BABE /* AFNetworkReachabilityManager.m */ = {isa = PBXFileReference; fileEncoding = 4; lastKnownFileType = sourcecode.c.objc; path = AFNetworkReachabilityManager.m; sourceTree = "<group>"; };
		D2F073B11C2304B800A3BABE /* AFSecurityPolicy.h */ = {isa = PBXFileReference; fileEncoding = 4; lastKnownFileType = sourcecode.c.h; path = AFSecurityPolicy.h; sourceTree = "<group>"; };
		D2F073B21C2304B800A3BABE /* AFSecurityPolicy.m */ = {isa = PBXFileReference; fileEncoding = 4; lastKnownFileType = sourcecode.c.objc; path = AFSecurityPolicy.m; sourceTree = "<group>"; };
		D2F073B31C2304B800A3BABE /* AFURLConnectionOperation.h */ = {isa = PBXFileReference; fileEncoding = 4; lastKnownFileType = sourcecode.c.h; path = AFURLConnectionOperation.h; sourceTree = "<group>"; };
		D2F073B41C2304B800A3BABE /* AFURLConnectionOperation.m */ = {isa = PBXFileReference; fileEncoding = 4; lastKnownFileType = sourcecode.c.objc; path = AFURLConnectionOperation.m; sourceTree = "<group>"; };
		D2F073B51C2304B800A3BABE /* AFURLRequestSerialization.h */ = {isa = PBXFileReference; fileEncoding = 4; lastKnownFileType = sourcecode.c.h; path = AFURLRequestSerialization.h; sourceTree = "<group>"; };
		D2F073B61C2304B800A3BABE /* AFURLRequestSerialization.m */ = {isa = PBXFileReference; fileEncoding = 4; lastKnownFileType = sourcecode.c.objc; path = AFURLRequestSerialization.m; sourceTree = "<group>"; };
		D2F073B71C2304B800A3BABE /* AFURLResponseSerialization.h */ = {isa = PBXFileReference; fileEncoding = 4; lastKnownFileType = sourcecode.c.h; path = AFURLResponseSerialization.h; sourceTree = "<group>"; };
		D2F073B81C2304B800A3BABE /* AFURLResponseSerialization.m */ = {isa = PBXFileReference; fileEncoding = 4; lastKnownFileType = sourcecode.c.objc; path = AFURLResponseSerialization.m; sourceTree = "<group>"; };
		D2F073B91C2304B800A3BABE /* AFURLSessionManager.h */ = {isa = PBXFileReference; fileEncoding = 4; lastKnownFileType = sourcecode.c.h; path = AFURLSessionManager.h; sourceTree = "<group>"; };
		D2F073BA1C2304B800A3BABE /* AFURLSessionManager.m */ = {isa = PBXFileReference; fileEncoding = 4; lastKnownFileType = sourcecode.c.objc; path = AFURLSessionManager.m; sourceTree = "<group>"; };
		D2F073BB1C2304B800A3BABE /* LICENSE */ = {isa = PBXFileReference; fileEncoding = 4; lastKnownFileType = text; path = LICENSE; sourceTree = "<group>"; };
		D2F073BC1C2304B800A3BABE /* README.md */ = {isa = PBXFileReference; fileEncoding = 4; lastKnownFileType = net.daringfireball.markdown; path = README.md; sourceTree = "<group>"; };
		D2F073BE1C2304B800A3BABE /* AFNetworkActivityIndicatorManager.h */ = {isa = PBXFileReference; fileEncoding = 4; lastKnownFileType = sourcecode.c.h; path = AFNetworkActivityIndicatorManager.h; sourceTree = "<group>"; };
		D2F073BF1C2304B800A3BABE /* AFNetworkActivityIndicatorManager.m */ = {isa = PBXFileReference; fileEncoding = 4; lastKnownFileType = sourcecode.c.objc; path = AFNetworkActivityIndicatorManager.m; sourceTree = "<group>"; };
		D2F073C01C2304B800A3BABE /* UIActivityIndicatorView+AFNetworking.h */ = {isa = PBXFileReference; fileEncoding = 4; lastKnownFileType = sourcecode.c.h; path = "UIActivityIndicatorView+AFNetworking.h"; sourceTree = "<group>"; };
		D2F073C11C2304B800A3BABE /* UIActivityIndicatorView+AFNetworking.m */ = {isa = PBXFileReference; fileEncoding = 4; lastKnownFileType = sourcecode.c.objc; path = "UIActivityIndicatorView+AFNetworking.m"; sourceTree = "<group>"; };
		D2F073C21C2304B800A3BABE /* UIAlertView+AFNetworking.h */ = {isa = PBXFileReference; fileEncoding = 4; lastKnownFileType = sourcecode.c.h; path = "UIAlertView+AFNetworking.h"; sourceTree = "<group>"; };
		D2F073C31C2304B800A3BABE /* UIAlertView+AFNetworking.m */ = {isa = PBXFileReference; fileEncoding = 4; lastKnownFileType = sourcecode.c.objc; path = "UIAlertView+AFNetworking.m"; sourceTree = "<group>"; };
		D2F073C41C2304B800A3BABE /* UIButton+AFNetworking.h */ = {isa = PBXFileReference; fileEncoding = 4; lastKnownFileType = sourcecode.c.h; path = "UIButton+AFNetworking.h"; sourceTree = "<group>"; };
		D2F073C51C2304B800A3BABE /* UIButton+AFNetworking.m */ = {isa = PBXFileReference; fileEncoding = 4; lastKnownFileType = sourcecode.c.objc; path = "UIButton+AFNetworking.m"; sourceTree = "<group>"; };
		D2F073C61C2304B800A3BABE /* UIImageView+AFNetworking.h */ = {isa = PBXFileReference; fileEncoding = 4; lastKnownFileType = sourcecode.c.h; path = "UIImageView+AFNetworking.h"; sourceTree = "<group>"; };
		D2F073C71C2304B800A3BABE /* UIImageView+AFNetworking.m */ = {isa = PBXFileReference; fileEncoding = 4; lastKnownFileType = sourcecode.c.objc; path = "UIImageView+AFNetworking.m"; sourceTree = "<group>"; };
		D2F073C81C2304B800A3BABE /* UIKit+AFNetworking.h */ = {isa = PBXFileReference; fileEncoding = 4; lastKnownFileType = sourcecode.c.h; path = "UIKit+AFNetworking.h"; sourceTree = "<group>"; };
		D2F073C91C2304B800A3BABE /* UIProgressView+AFNetworking.h */ = {isa = PBXFileReference; fileEncoding = 4; lastKnownFileType = sourcecode.c.h; path = "UIProgressView+AFNetworking.h"; sourceTree = "<group>"; };
		D2F073CA1C2304B800A3BABE /* UIProgressView+AFNetworking.m */ = {isa = PBXFileReference; fileEncoding = 4; lastKnownFileType = sourcecode.c.objc; path = "UIProgressView+AFNetworking.m"; sourceTree = "<group>"; };
		D2F073CB1C2304B800A3BABE /* UIRefreshControl+AFNetworking.h */ = {isa = PBXFileReference; fileEncoding = 4; lastKnownFileType = sourcecode.c.h; path = "UIRefreshControl+AFNetworking.h"; sourceTree = "<group>"; };
		D2F073CC1C2304B800A3BABE /* UIRefreshControl+AFNetworking.m */ = {isa = PBXFileReference; fileEncoding = 4; lastKnownFileType = sourcecode.c.objc; path = "UIRefreshControl+AFNetworking.m"; sourceTree = "<group>"; };
		D2F073CD1C2304B800A3BABE /* UIWebView+AFNetworking.h */ = {isa = PBXFileReference; fileEncoding = 4; lastKnownFileType = sourcecode.c.h; path = "UIWebView+AFNetworking.h"; sourceTree = "<group>"; };
		D2F073CE1C2304B800A3BABE /* UIWebView+AFNetworking.m */ = {isa = PBXFileReference; fileEncoding = 4; lastKnownFileType = sourcecode.c.objc; path = "UIWebView+AFNetworking.m"; sourceTree = "<group>"; };
		D2F073E51C2304CA00A3BABE /* QNDnsManager.h */ = {isa = PBXFileReference; fileEncoding = 4; lastKnownFileType = sourcecode.c.h; path = QNDnsManager.h; sourceTree = "<group>"; };
		D2F073E61C2304CA00A3BABE /* QNDnsManager.m */ = {isa = PBXFileReference; fileEncoding = 4; lastKnownFileType = sourcecode.c.objc; path = QNDnsManager.m; sourceTree = "<group>"; };
		D2F073E71C2304CA00A3BABE /* QNDomain.h */ = {isa = PBXFileReference; fileEncoding = 4; lastKnownFileType = sourcecode.c.h; path = QNDomain.h; sourceTree = "<group>"; };
		D2F073E81C2304CA00A3BABE /* QNDomain.m */ = {isa = PBXFileReference; fileEncoding = 4; lastKnownFileType = sourcecode.c.objc; path = QNDomain.m; sourceTree = "<group>"; };
		D2F073E91C2304CA00A3BABE /* QNNetworkInfo.h */ = {isa = PBXFileReference; fileEncoding = 4; lastKnownFileType = sourcecode.c.h; path = QNNetworkInfo.h; sourceTree = "<group>"; };
		D2F073EA1C2304CA00A3BABE /* QNNetworkInfo.m */ = {isa = PBXFileReference; fileEncoding = 4; lastKnownFileType = sourcecode.c.objc; path = QNNetworkInfo.m; sourceTree = "<group>"; };
		D2F073EB1C2304CA00A3BABE /* QNRecord.h */ = {isa = PBXFileReference; fileEncoding = 4; lastKnownFileType = sourcecode.c.h; path = QNRecord.h; sourceTree = "<group>"; };
		D2F073EC1C2304CA00A3BABE /* QNRecord.m */ = {isa = PBXFileReference; fileEncoding = 4; lastKnownFileType = sourcecode.c.objc; path = QNRecord.m; sourceTree = "<group>"; };
		D2F073ED1C2304CA00A3BABE /* QNResolverDelegate.h */ = {isa = PBXFileReference; fileEncoding = 4; lastKnownFileType = sourcecode.c.h; path = QNResolverDelegate.h; sourceTree = "<group>"; };
		D2F073EE1C2304CA00A3BABE /* HappyDNS.h */ = {isa = PBXFileReference; fileEncoding = 4; lastKnownFileType = sourcecode.c.h; path = HappyDNS.h; sourceTree = "<group>"; };
		D2F073F01C2304CA00A3BABE /* QNDnspodEnterprise.h */ = {isa = PBXFileReference; fileEncoding = 4; lastKnownFileType = sourcecode.c.h; path = QNDnspodEnterprise.h; sourceTree = "<group>"; };
		D2F073F11C2304CA00A3BABE /* QNDnspodEnterprise.m */ = {isa = PBXFileReference; fileEncoding = 4; lastKnownFileType = sourcecode.c.objc; path = QNDnspodEnterprise.m; sourceTree = "<group>"; };
		D2F073F21C2304CA00A3BABE /* QNDnspodFree.h */ = {isa = PBXFileReference; fileEncoding = 4; lastKnownFileType = sourcecode.c.h; path = QNDnspodFree.h; sourceTree = "<group>"; };
		D2F073F31C2304CA00A3BABE /* QNDnspodFree.m */ = {isa = PBXFileReference; fileEncoding = 4; lastKnownFileType = sourcecode.c.objc; path = QNDnspodFree.m; sourceTree = "<group>"; };
		D2F073F51C2304CA00A3BABE /* QNHijackingDetectWrapper.h */ = {isa = PBXFileReference; fileEncoding = 4; lastKnownFileType = sourcecode.c.h; path = QNHijackingDetectWrapper.h; sourceTree = "<group>"; };
		D2F073F61C2304CA00A3BABE /* QNHijackingDetectWrapper.m */ = {isa = PBXFileReference; fileEncoding = 4; lastKnownFileType = sourcecode.c.objc; path = QNHijackingDetectWrapper.m; sourceTree = "<group>"; };
		D2F073F71C2304CA00A3BABE /* QNHosts.h */ = {isa = PBXFileReference; fileEncoding = 4; lastKnownFileType = sourcecode.c.h; path = QNHosts.h; sourceTree = "<group>"; };
		D2F073F81C2304CA00A3BABE /* QNHosts.m */ = {isa = PBXFileReference; fileEncoding = 4; lastKnownFileType = sourcecode.c.objc; path = QNHosts.m; sourceTree = "<group>"; };
		D2F073F91C2304CA00A3BABE /* QNResolver.h */ = {isa = PBXFileReference; fileEncoding = 4; lastKnownFileType = sourcecode.c.h; path = QNResolver.h; sourceTree = "<group>"; };
		D2F073FA1C2304CA00A3BABE /* QNResolver.m */ = {isa = PBXFileReference; fileEncoding = 4; lastKnownFileType = sourcecode.c.objc; path = QNResolver.m; sourceTree = "<group>"; };
		D2F073FC1C2304CA00A3BABE /* QNDes.h */ = {isa = PBXFileReference; fileEncoding = 4; lastKnownFileType = sourcecode.c.h; path = QNDes.h; sourceTree = "<group>"; };
		D2F073FD1C2304CA00A3BABE /* QNDes.m */ = {isa = PBXFileReference; fileEncoding = 4; lastKnownFileType = sourcecode.c.objc; path = QNDes.m; sourceTree = "<group>"; };
		D2F073FE1C2304CA00A3BABE /* QNHex.h */ = {isa = PBXFileReference; fileEncoding = 4; lastKnownFileType = sourcecode.c.h; path = QNHex.h; sourceTree = "<group>"; };
		D2F073FF1C2304CA00A3BABE /* QNHex.m */ = {isa = PBXFileReference; fileEncoding = 4; lastKnownFileType = sourcecode.c.objc; path = QNHex.m; sourceTree = "<group>"; };
		D2F074001C2304CA00A3BABE /* LICENSE */ = {isa = PBXFileReference; fileEncoding = 4; lastKnownFileType = text; path = LICENSE; sourceTree = "<group>"; };
		D2F074011C2304CA00A3BABE /* README.md */ = {isa = PBXFileReference; fileEncoding = 4; lastKnownFileType = net.daringfireball.markdown; path = README.md; sourceTree = "<group>"; };
		D2F0740F1C23057000A3BABE /* libresolv.tbd */ = {isa = PBXFileReference; lastKnownFileType = "sourcecode.text-based-dylib-definition"; name = libresolv.tbd; path = usr/lib/libresolv.tbd; sourceTree = SDKROOT; };
		D2F074111C23057D00A3BABE /* libresolv.9.tbd */ = {isa = PBXFileReference; lastKnownFileType = "sourcecode.text-based-dylib-definition"; name = libresolv.9.tbd; path = usr/lib/libresolv.9.tbd; sourceTree = SDKROOT; };
/* End PBXFileReference section */

/* Begin PBXFrameworksBuildPhase section */
		00E356EB1AD99517003FC87E /* Frameworks */ = {
			isa = PBXFrameworksBuildPhase;
			buildActionMask = 2147483647;
			files = (
			);
			runOnlyForDeploymentPostprocessing = 0;
		};
		13B07F8C1A680F5B00A75B9A /* Frameworks */ = {
			isa = PBXFrameworksBuildPhase;
			buildActionMask = 2147483647;
			files = (
				D2F074121C23057D00A3BABE /* libresolv.9.tbd in Frameworks */,
				D2F074101C23057000A3BABE /* libresolv.tbd in Frameworks */,
				D2BF47F51C215158002C7185 /* libRCTPushNotification.a in Frameworks */,
				D2BF47341C21495A002C7185 /* CoreBluetooth.framework in Frameworks */,
				D2BF47321C21494E002C7185 /* CoreLocation.framework in Frameworks */,
				D2BF47301C214943002C7185 /* AVFoundation.framework in Frameworks */,
				D2BF472E1C214937002C7185 /* CoreTelephony.framework in Frameworks */,
				D2BF472C1C214929002C7185 /* SystemConfiguration.framework in Frameworks */,
				D2BF472A1C21491D002C7185 /* CFNetwork.framework in Frameworks */,
				D2BF47281C214912002C7185 /* libsqlite3.tbd in Frameworks */,
				D2BF47261C214901002C7185 /* libz.tbd in Frameworks */,
				D2BF47231C21476C002C7185 /* libGeTuiSdk-1.3.1.a in Frameworks */,
				D22833111C100AB400027EA3 /* libRNPhonePicker.a in Frameworks */,
				D22832EB1C0F3AB100027EA3 /* libRCTCameraRoll.a in Frameworks */,
				D2ED5D781C06DFD2008826C6 /* libRNDeviceInfo.a in Frameworks */,
				D2ED5D711C069A46008826C6 /* libRNSearchBar.a in Frameworks */,
				D2ED5D5C1C00788C008826C6 /* libRCTCircleProgress.a in Frameworks */,
				146834051AC3E58100842450 /* libReact.a in Frameworks */,
				00C302E51ABCBA2D00DB3ED1 /* libRCTActionSheet.a in Frameworks */,
				00C302E71ABCBA2D00DB3ED1 /* libRCTGeolocation.a in Frameworks */,
				00C302E81ABCBA2D00DB3ED1 /* libRCTImage.a in Frameworks */,
				133E29F31AD74F7200F7D852 /* libRCTLinking.a in Frameworks */,
				00C302E91ABCBA2D00DB3ED1 /* libRCTNetwork.a in Frameworks */,
				139105C61AF99C1200B5F7CC /* libRCTSettings.a in Frameworks */,
				832341BD1AAA6AB300B99B32 /* libRCTText.a in Frameworks */,
				00C302EA1ABCBA2D00DB3ED1 /* libRCTVibration.a in Frameworks */,
				139FDEF61B0652A700C62182 /* libRCTWebSocket.a in Frameworks */,
				7B3DA2B9DFA44A2492AEE6E9 /* libRCTActionSheet.a in Frameworks */,
				4CD8E7718311449DAD48959A /* libRNVectorIcons.a in Frameworks */,
			);
			runOnlyForDeploymentPostprocessing = 0;
		};
/* End PBXFrameworksBuildPhase section */

/* Begin PBXGroup section */
		00C302A81ABCB8CE00DB3ED1 /* Products */ = {
			isa = PBXGroup;
			children = (
				00C302AC1ABCB8CE00DB3ED1 /* libRCTActionSheet.a */,
			);
			name = Products;
			sourceTree = "<group>";
		};
		00C302B61ABCB90400DB3ED1 /* Products */ = {
			isa = PBXGroup;
			children = (
				00C302BA1ABCB90400DB3ED1 /* libRCTGeolocation.a */,
			);
			name = Products;
			sourceTree = "<group>";
		};
		00C302BC1ABCB91800DB3ED1 /* Products */ = {
			isa = PBXGroup;
			children = (
				00C302C01ABCB91800DB3ED1 /* libRCTImage.a */,
			);
			name = Products;
			sourceTree = "<group>";
		};
		00C302D41ABCB9D200DB3ED1 /* Products */ = {
			isa = PBXGroup;
			children = (
				00C302DC1ABCB9D200DB3ED1 /* libRCTNetwork.a */,
			);
			name = Products;
			sourceTree = "<group>";
		};
		00C302E01ABCB9EE00DB3ED1 /* Products */ = {
			isa = PBXGroup;
			children = (
				00C302E41ABCB9EE00DB3ED1 /* libRCTVibration.a */,
			);
			name = Products;
			sourceTree = "<group>";
		};
		00E356EF1AD99517003FC87E /* awesomeMobileTests */ = {
			isa = PBXGroup;
			children = (
				00E356F21AD99517003FC87E /* awesomeMobileTests.m */,
				00E356F01AD99517003FC87E /* Supporting Files */,
			);
			path = awesomeMobileTests;
			sourceTree = "<group>";
		};
		00E356F01AD99517003FC87E /* Supporting Files */ = {
			isa = PBXGroup;
			children = (
				00E356F11AD99517003FC87E /* Info.plist */,
			);
			name = "Supporting Files";
			sourceTree = "<group>";
		};
		139105B71AF99BAD00B5F7CC /* Products */ = {
			isa = PBXGroup;
			children = (
				139105C11AF99BAD00B5F7CC /* libRCTSettings.a */,
			);
			name = Products;
			sourceTree = "<group>";
		};
		139FDEE71B06529A00C62182 /* Products */ = {
			isa = PBXGroup;
			children = (
				139FDEF41B06529B00C62182 /* libRCTWebSocket.a */,
			);
			name = Products;
			sourceTree = "<group>";
		};
		13B07FAE1A68108700A75B9A /* awesomeMobile */ = {
			isa = PBXGroup;
			children = (
				13B07FAF1A68108700A75B9A /* AppDelegate.h */,
				13B07FB01A68108700A75B9A /* AppDelegate.m */,
				13B07FB51A68108700A75B9A /* Images.xcassets */,
				13B07FB61A68108700A75B9A /* Info.plist */,
				13B07FB71A68108700A75B9A /* main.m */,
			);
			name = awesomeMobile;
			sourceTree = "<group>";
		};
		146834001AC3E56700842450 /* Products */ = {
			isa = PBXGroup;
			children = (
				146834041AC3E56700842450 /* libReact.a */,
			);
			name = Products;
			sourceTree = "<group>";
		};
		78C398B11ACF4ADC00677621 /* Products */ = {
			isa = PBXGroup;
			children = (
				78C398B91ACF4ADC00677621 /* libRCTLinking.a */,
			);
			name = Products;
			sourceTree = "<group>";
		};
		832341AE1AAA6A7D00B99B32 /* Libraries */ = {
			isa = PBXGroup;
			children = (
				D2F073A61C2304B800A3BABE /* AFNetworking */,
				D2F073551C23049F00A3BABE /* QiniuSDK */,
				D2F072C61C22FE3C00A3BABE /* Qiniu */,
				D2BF48321C219DBD002C7185 /* GeTui */,
				D2BF47EF1C215134002C7185 /* RCTPushNotification.xcodeproj */,
				D2BF47201C21476C002C7185 /* GtSdkLib */,
				D2BF469B1C1FFD00002C7185 /* RCTOrientation */,
				D228330B1C100A9B00027EA3 /* RNPhonePicker.xcodeproj */,
				D22832E51C0F3A3B00027EA3 /* RCTCameraRoll.xcodeproj */,
				D2ED5D721C06DFCA008826C6 /* RNDeviceInfo.xcodeproj */,
				D2ED5D6B1C069A2C008826C6 /* RNSearchBar.xcodeproj */,
				D2ED5D491C007876008826C6 /* RCTCircleProgress.xcodeproj */,
				146833FF1AC3E56700842450 /* React.xcodeproj */,
				00C302A71ABCB8CE00DB3ED1 /* RCTActionSheet.xcodeproj */,
				00C302B51ABCB90400DB3ED1 /* RCTGeolocation.xcodeproj */,
				00C302BB1ABCB91800DB3ED1 /* RCTImage.xcodeproj */,
				78C398B01ACF4ADC00677621 /* RCTLinking.xcodeproj */,
				00C302D31ABCB9D200DB3ED1 /* RCTNetwork.xcodeproj */,
				139105B61AF99BAD00B5F7CC /* RCTSettings.xcodeproj */,
				832341B01AAA6A8300B99B32 /* RCTText.xcodeproj */,
				00C302DF1ABCB9EE00DB3ED1 /* RCTVibration.xcodeproj */,
				139FDEE61B06529A00C62182 /* RCTWebSocket.xcodeproj */,
				A41307C31BEB4DB3B993E0F8 /* RNVectorIcons.xcodeproj */,
			);
			name = Libraries;
			sourceTree = "<group>";
		};
		832341B11AAA6A8300B99B32 /* Products */ = {
			isa = PBXGroup;
			children = (
				832341B51AAA6A8300B99B32 /* libRCTText.a */,
			);
			name = Products;
			sourceTree = "<group>";
		};
		83CBB9F61A601CBA00E9B192 = {
			isa = PBXGroup;
			children = (
				D2BF47241C2148D5002C7185 /* Frameworks */,
				D2A51F8D1C100D0B00923C26 /* main.jsbundle */,
				D22832FC1C0FCAFA00027EA3 /* UIImagePickerManager */,
				D25AF01B1BF9AE8100009F01 /* Default-568h@2x.png */,
				13B07FAE1A68108700A75B9A /* awesomeMobile */,
				832341AE1AAA6A7D00B99B32 /* Libraries */,
				00E356EF1AD99517003FC87E /* awesomeMobileTests */,
				D26F5C9A1C23A8E4006D4BE7 /* awesomeMobile.app */,
				D26F5C9B1C23A8E4006D4BE7 /* awesomeMobileTests.xctest */,
			);
			indentWidth = 2;
			sourceTree = "<group>";
			tabWidth = 2;
		};
		D22832E61C0F3A3B00027EA3 /* Products */ = {
			isa = PBXGroup;
			children = (
				D22832EA1C0F3A3B00027EA3 /* libRCTCameraRoll.a */,
			);
			name = Products;
			sourceTree = "<group>";
		};
		D22832FC1C0FCAFA00027EA3 /* UIImagePickerManager */ = {
			isa = PBXGroup;
			children = (
				D22832FD1C0FCAFA00027EA3 /* UIImagePickerManager.h */,
				D22832FE1C0FCAFA00027EA3 /* UIImagePickerManager.m */,
			);
			name = UIImagePickerManager;
			path = "../node_modules/react-native-image-picker/UIImagePickerManager";
			sourceTree = "<group>";
		};
		D228330C1C100A9B00027EA3 /* Products */ = {
			isa = PBXGroup;
			children = (
				D22833101C100A9B00027EA3 /* libRNPhonePicker.a */,
			);
			name = Products;
			sourceTree = "<group>";
		};
		D2BF469B1C1FFD00002C7185 /* RCTOrientation */ = {
			isa = PBXGroup;
			children = (
				D2BF469C1C1FFD00002C7185 /* Orientation.h */,
				D2BF469D1C1FFD00002C7185 /* Orientation.m */,
			);
			name = RCTOrientation;
			path = "../node_modules/react-native-orientation/RCTOrientation";
			sourceTree = "<group>";
		};
		D2BF46F61C2134CE002C7185 /* Products */ = {
			isa = PBXGroup;
			children = (
				D2BF46FA1C2134CE002C7185 /* libRNVectorIcons.a */,
			);
			name = Products;
			sourceTree = "<group>";
		};
		D2BF47201C21476C002C7185 /* GtSdkLib */ = {
			isa = PBXGroup;
			children = (
				D2BF47211C21476C002C7185 /* GeTuiSdk.h */,
				D2BF47221C21476C002C7185 /* libGeTuiSdk-1.3.1.a */,
			);
			path = GtSdkLib;
			sourceTree = "<group>";
		};
		D2BF47241C2148D5002C7185 /* Frameworks */ = {
			isa = PBXGroup;
			children = (
				D2F074111C23057D00A3BABE /* libresolv.9.tbd */,
				D2F0740F1C23057000A3BABE /* libresolv.tbd */,
				D2BF47331C21495A002C7185 /* CoreBluetooth.framework */,
				D2BF47311C21494E002C7185 /* CoreLocation.framework */,
				D2BF472F1C214943002C7185 /* AVFoundation.framework */,
				D2BF472D1C214937002C7185 /* CoreTelephony.framework */,
				D2BF472B1C214929002C7185 /* SystemConfiguration.framework */,
				D2BF47291C21491D002C7185 /* CFNetwork.framework */,
				D2BF47271C214912002C7185 /* libsqlite3.tbd */,
				D2BF47251C214901002C7185 /* libz.tbd */,
			);
			name = Frameworks;
			sourceTree = "<group>";
		};
		D2BF47F01C215134002C7185 /* Products */ = {
			isa = PBXGroup;
			children = (
				D2BF47F41C215134002C7185 /* libRCTPushNotification.a */,
			);
			name = Products;
			sourceTree = "<group>";
		};
		D2BF48321C219DBD002C7185 /* GeTui */ = {
			isa = PBXGroup;
			children = (
				D2BF48331C219DFE002C7185 /* GeTuiManager.m */,
				D2BF48351C219E1C002C7185 /* GeTuiManager.h */,
			);
			name = GeTui;
			sourceTree = "<group>";
		};
		D2ED5D4A1C007876008826C6 /* Products */ = {
			isa = PBXGroup;
			children = (
				D2ED5D501C007876008826C6 /* libRCTCircleProgress.a */,
				D2ED5D521C007876008826C6 /* RCTCircleProgressTests.xctest */,
			);
			name = Products;
			sourceTree = "<group>";
		};
		D2ED5D6C1C069A2C008826C6 /* Products */ = {
			isa = PBXGroup;
			children = (
				D2ED5D701C069A2C008826C6 /* libRNSearchBar.a */,
			);
			name = Products;
			sourceTree = "<group>";
		};
		D2ED5D731C06DFCA008826C6 /* Products */ = {
			isa = PBXGroup;
			children = (
				D2ED5D771C06DFCA008826C6 /* libRNDeviceInfo.a */,
			);
			name = Products;
			sourceTree = "<group>";
		};
		D2F072C61C22FE3C00A3BABE /* Qiniu */ = {
			isa = PBXGroup;
			children = (
				D2F072DA1C22FEA600A3BABE /* QiniuManager.m */,
				D2F072D91C22FE9E00A3BABE /* QiniuManager.h */,
			);
			name = Qiniu;
			sourceTree = "<group>";
		};
		D2F073551C23049F00A3BABE /* QiniuSDK */ = {
			isa = PBXGroup;
			children = (
				D2F073561C23049F00A3BABE /* Common */,
				D2F0736B1C23049F00A3BABE /* Http */,
				D2F073791C23049F00A3BABE /* QiniuSDK.h */,
				D2F0737A1C23049F00A3BABE /* QNReachability */,
				D2F0737D1C23049F00A3BABE /* Recorder */,
				D2F073811C23049F00A3BABE /* Storage */,
			);
			path = QiniuSDK;
			sourceTree = "<group>";
		};
		D2F073561C23049F00A3BABE /* Common */ = {
			isa = PBXGroup;
			children = (
				D2F073571C23049F00A3BABE /* GTM_Base64.h */,
				D2F073581C23049F00A3BABE /* GTM_Base64.m */,
				D2F073591C23049F00A3BABE /* QNALAssetFile.h */,
				D2F0735A1C23049F00A3BABE /* QNALAssetFile.m */,
				D2F0735B1C23049F00A3BABE /* QNAsyncRun.h */,
				D2F0735C1C23049F00A3BABE /* QNAsyncRun.m */,
				D2F0735D1C23049F00A3BABE /* QNCrc32.h */,
				D2F0735E1C23049F00A3BABE /* QNCrc32.m */,
				D2F0735F1C23049F00A3BABE /* QNEtag.h */,
				D2F073601C23049F00A3BABE /* QNEtag.m */,
				D2F073611C23049F00A3BABE /* QNFile.h */,
				D2F073621C23049F00A3BABE /* QNFile.m */,
				D2F073631C23049F00A3BABE /* QNFileDelegate.h */,
				D2F073641C23049F00A3BABE /* QNPHAssetFile.h */,
				D2F073651C23049F00A3BABE /* QNPHAssetFile.m */,
				D2F073661C23049F00A3BABE /* QNSystem.h */,
				D2F073671C23049F00A3BABE /* QNSystem.m */,
				D2F073681C23049F00A3BABE /* QNUrlSafeBase64.h */,
				D2F073691C23049F00A3BABE /* QNUrlSafeBase64.m */,
				D2F0736A1C23049F00A3BABE /* QNVersion.h */,
			);
			path = Common;
			sourceTree = "<group>";
		};
		D2F0736B1C23049F00A3BABE /* Http */ = {
			isa = PBXGroup;
			children = (
				D2F0736C1C23049F00A3BABE /* QNDns.h */,
				D2F0736D1C23049F00A3BABE /* QNDns.m */,
				D2F0736E1C23049F00A3BABE /* QNHttpDelegate.h */,
				D2F0736F1C23049F00A3BABE /* QNHttpManager.h */,
				D2F073701C23049F00A3BABE /* QNHttpManager.m */,
				D2F073711C23049F00A3BABE /* QNResponseInfo.h */,
				D2F073721C23049F00A3BABE /* QNResponseInfo.m */,
				D2F073731C23049F00A3BABE /* QNSessionManager.h */,
				D2F073741C23049F00A3BABE /* QNSessionManager.m */,
				D2F073751C23049F00A3BABE /* QNStats.h */,
				D2F073761C23049F00A3BABE /* QNStats.m */,
				D2F073771C23049F00A3BABE /* QNUserAgent.h */,
				D2F073781C23049F00A3BABE /* QNUserAgent.m */,
			);
			path = Http;
			sourceTree = "<group>";
		};
		D2F0737A1C23049F00A3BABE /* QNReachability */ = {
			isa = PBXGroup;
			children = (
				D2F0737B1C23049F00A3BABE /* QNReachability.h */,
				D2F0737C1C23049F00A3BABE /* QNReachability.m */,
			);
			path = QNReachability;
			sourceTree = "<group>";
		};
		D2F0737D1C23049F00A3BABE /* Recorder */ = {
			isa = PBXGroup;
			children = (
				D2F0737E1C23049F00A3BABE /* QNFileRecorder.h */,
				D2F0737F1C23049F00A3BABE /* QNFileRecorder.m */,
				D2F073801C23049F00A3BABE /* QNRecorderDelegate.h */,
			);
			path = Recorder;
			sourceTree = "<group>";
		};
		D2F073811C23049F00A3BABE /* Storage */ = {
			isa = PBXGroup;
			children = (
				D2F073821C23049F00A3BABE /* QNConfiguration.h */,
				D2F073831C23049F00A3BABE /* QNConfiguration.m */,
				D2F073841C23049F00A3BABE /* QNFormUpload.h */,
				D2F073851C23049F00A3BABE /* QNFormUpload.m */,
				D2F073861C23049F00A3BABE /* QNResumeUpload.h */,
				D2F073871C23049F00A3BABE /* QNResumeUpload.m */,
				D2F073881C23049F00A3BABE /* QNUploadManager.h */,
				D2F073891C23049F00A3BABE /* QNUploadManager.m */,
				D2F0738A1C23049F00A3BABE /* QNUploadOption+Private.h */,
				D2F0738B1C23049F00A3BABE /* QNUploadOption.h */,
				D2F0738C1C23049F00A3BABE /* QNUploadOption.m */,
				D2F0738D1C23049F00A3BABE /* QNUpToken.h */,
				D2F0738E1C23049F00A3BABE /* QNUpToken.m */,
			);
			path = Storage;
			sourceTree = "<group>";
		};
		D2F073A61C2304B800A3BABE /* AFNetworking */ = {
			isa = PBXGroup;
			children = (
				D2F073E21C2304CA00A3BABE /* HappyDNS */,
				D2F073A71C2304B800A3BABE /* AFNetworking */,
				D2F073BB1C2304B800A3BABE /* LICENSE */,
				D2F073BC1C2304B800A3BABE /* README.md */,
				D2F073BD1C2304B800A3BABE /* UIKit+AFNetworking */,
			);
			path = AFNetworking;
			sourceTree = "<group>";
		};
		D2F073A71C2304B800A3BABE /* AFNetworking */ = {
			isa = PBXGroup;
			children = (
				D2F073A81C2304B800A3BABE /* AFHTTPRequestOperation.h */,
				D2F073A91C2304B800A3BABE /* AFHTTPRequestOperation.m */,
				D2F073AA1C2304B800A3BABE /* AFHTTPRequestOperationManager.h */,
				D2F073AB1C2304B800A3BABE /* AFHTTPRequestOperationManager.m */,
				D2F073AC1C2304B800A3BABE /* AFHTTPSessionManager.h */,
				D2F073AD1C2304B800A3BABE /* AFHTTPSessionManager.m */,
				D2F073AE1C2304B800A3BABE /* AFNetworking.h */,
				D2F073AF1C2304B800A3BABE /* AFNetworkReachabilityManager.h */,
				D2F073B01C2304B800A3BABE /* AFNetworkReachabilityManager.m */,
				D2F073B11C2304B800A3BABE /* AFSecurityPolicy.h */,
				D2F073B21C2304B800A3BABE /* AFSecurityPolicy.m */,
				D2F073B31C2304B800A3BABE /* AFURLConnectionOperation.h */,
				D2F073B41C2304B800A3BABE /* AFURLConnectionOperation.m */,
				D2F073B51C2304B800A3BABE /* AFURLRequestSerialization.h */,
				D2F073B61C2304B800A3BABE /* AFURLRequestSerialization.m */,
				D2F073B71C2304B800A3BABE /* AFURLResponseSerialization.h */,
				D2F073B81C2304B800A3BABE /* AFURLResponseSerialization.m */,
				D2F073B91C2304B800A3BABE /* AFURLSessionManager.h */,
				D2F073BA1C2304B800A3BABE /* AFURLSessionManager.m */,
			);
			path = AFNetworking;
			sourceTree = "<group>";
		};
		D2F073BD1C2304B800A3BABE /* UIKit+AFNetworking */ = {
			isa = PBXGroup;
			children = (
				D2F073BE1C2304B800A3BABE /* AFNetworkActivityIndicatorManager.h */,
				D2F073BF1C2304B800A3BABE /* AFNetworkActivityIndicatorManager.m */,
				D2F073C01C2304B800A3BABE /* UIActivityIndicatorView+AFNetworking.h */,
				D2F073C11C2304B800A3BABE /* UIActivityIndicatorView+AFNetworking.m */,
				D2F073C21C2304B800A3BABE /* UIAlertView+AFNetworking.h */,
				D2F073C31C2304B800A3BABE /* UIAlertView+AFNetworking.m */,
				D2F073C41C2304B800A3BABE /* UIButton+AFNetworking.h */,
				D2F073C51C2304B800A3BABE /* UIButton+AFNetworking.m */,
				D2F073C61C2304B800A3BABE /* UIImageView+AFNetworking.h */,
				D2F073C71C2304B800A3BABE /* UIImageView+AFNetworking.m */,
				D2F073C81C2304B800A3BABE /* UIKit+AFNetworking.h */,
				D2F073C91C2304B800A3BABE /* UIProgressView+AFNetworking.h */,
				D2F073CA1C2304B800A3BABE /* UIProgressView+AFNetworking.m */,
				D2F073CB1C2304B800A3BABE /* UIRefreshControl+AFNetworking.h */,
				D2F073CC1C2304B800A3BABE /* UIRefreshControl+AFNetworking.m */,
				D2F073CD1C2304B800A3BABE /* UIWebView+AFNetworking.h */,
				D2F073CE1C2304B800A3BABE /* UIWebView+AFNetworking.m */,
			);
			path = "UIKit+AFNetworking";
			sourceTree = "<group>";
		};
		D2F073E21C2304CA00A3BABE /* HappyDNS */ = {
			isa = PBXGroup;
			children = (
				D2F073E31C2304CA00A3BABE /* HappyDNS */,
				D2F074001C2304CA00A3BABE /* LICENSE */,
				D2F074011C2304CA00A3BABE /* README.md */,
			);
			path = HappyDNS;
			sourceTree = "<group>";
		};
		D2F073E31C2304CA00A3BABE /* HappyDNS */ = {
			isa = PBXGroup;
			children = (
				D2F073E41C2304CA00A3BABE /* Common */,
				D2F073EE1C2304CA00A3BABE /* HappyDNS.h */,
				D2F073EF1C2304CA00A3BABE /* Http */,
				D2F073F41C2304CA00A3BABE /* Local */,
				D2F073FB1C2304CA00A3BABE /* Util */,
			);
			path = HappyDNS;
			sourceTree = "<group>";
		};
		D2F073E41C2304CA00A3BABE /* Common */ = {
			isa = PBXGroup;
			children = (
				D2F073E51C2304CA00A3BABE /* QNDnsManager.h */,
				D2F073E61C2304CA00A3BABE /* QNDnsManager.m */,
				D2F073E71C2304CA00A3BABE /* QNDomain.h */,
				D2F073E81C2304CA00A3BABE /* QNDomain.m */,
				D2F073E91C2304CA00A3BABE /* QNNetworkInfo.h */,
				D2F073EA1C2304CA00A3BABE /* QNNetworkInfo.m */,
				D2F073EB1C2304CA00A3BABE /* QNRecord.h */,
				D2F073EC1C2304CA00A3BABE /* QNRecord.m */,
				D2F073ED1C2304CA00A3BABE /* QNResolverDelegate.h */,
			);
			path = Common;
			sourceTree = "<group>";
		};
		D2F073EF1C2304CA00A3BABE /* Http */ = {
			isa = PBXGroup;
			children = (
				D2F073F01C2304CA00A3BABE /* QNDnspodEnterprise.h */,
				D2F073F11C2304CA00A3BABE /* QNDnspodEnterprise.m */,
				D2F073F21C2304CA00A3BABE /* QNDnspodFree.h */,
				D2F073F31C2304CA00A3BABE /* QNDnspodFree.m */,
			);
			path = Http;
			sourceTree = "<group>";
		};
		D2F073F41C2304CA00A3BABE /* Local */ = {
			isa = PBXGroup;
			children = (
				D2F073F51C2304CA00A3BABE /* QNHijackingDetectWrapper.h */,
				D2F073F61C2304CA00A3BABE /* QNHijackingDetectWrapper.m */,
				D2F073F71C2304CA00A3BABE /* QNHosts.h */,
				D2F073F81C2304CA00A3BABE /* QNHosts.m */,
				D2F073F91C2304CA00A3BABE /* QNResolver.h */,
				D2F073FA1C2304CA00A3BABE /* QNResolver.m */,
			);
			path = Local;
			sourceTree = "<group>";
		};
		D2F073FB1C2304CA00A3BABE /* Util */ = {
			isa = PBXGroup;
			children = (
				D2F073FC1C2304CA00A3BABE /* QNDes.h */,
				D2F073FD1C2304CA00A3BABE /* QNDes.m */,
				D2F073FE1C2304CA00A3BABE /* QNHex.h */,
				D2F073FF1C2304CA00A3BABE /* QNHex.m */,
			);
			path = Util;
			sourceTree = "<group>";
		};
/* End PBXGroup section */

/* Begin PBXNativeTarget section */
		00E356ED1AD99517003FC87E /* awesomeMobileTests */ = {
			isa = PBXNativeTarget;
			buildConfigurationList = 00E357021AD99517003FC87E /* Build configuration list for PBXNativeTarget "awesomeMobileTests" */;
			buildPhases = (
				00E356EA1AD99517003FC87E /* Sources */,
				00E356EB1AD99517003FC87E /* Frameworks */,
				00E356EC1AD99517003FC87E /* Resources */,
			);
			buildRules = (
			);
			dependencies = (
				00E356F51AD99517003FC87E /* PBXTargetDependency */,
			);
			name = awesomeMobileTests;
			productName = awesomeMobileTests;
			productReference = D26F5C9B1C23A8E4006D4BE7 /* awesomeMobileTests.xctest */;
			productType = "com.apple.product-type.bundle.unit-test";
		};
		13B07F861A680F5B00A75B9A /* awesomeMobile */ = {
			isa = PBXNativeTarget;
			buildConfigurationList = 13B07F931A680F5B00A75B9A /* Build configuration list for PBXNativeTarget "awesomeMobile" */;
			buildPhases = (
				13B07F871A680F5B00A75B9A /* Sources */,
				13B07F8C1A680F5B00A75B9A /* Frameworks */,
				13B07F8E1A680F5B00A75B9A /* Resources */,
				00DD1BFF1BD5951E006B06BC /* Bundle React Native code and images */,
			);
			buildRules = (
			);
			dependencies = (
			);
			name = awesomeMobile;
			productName = "Hello World";
			productReference = D26F5C9A1C23A8E4006D4BE7 /* awesomeMobile.app */;
			productType = "com.apple.product-type.application";
		};
/* End PBXNativeTarget section */

/* Begin PBXProject section */
		83CBB9F71A601CBA00E9B192 /* Project object */ = {
			isa = PBXProject;
			attributes = {
				LastUpgradeCheck = 710;
				ORGANIZATIONNAME = Facebook;
				TargetAttributes = {
					00E356ED1AD99517003FC87E = {
						CreatedOnToolsVersion = 6.2;
						TestTargetID = 13B07F861A680F5B00A75B9A;
					};
					13B07F861A680F5B00A75B9A = {
						DevelopmentTeam = U58JZD8Y2V;
						SystemCapabilities = {
							com.apple.Push = {
								enabled = 0;
							};
						};
					};
				};
			};
			buildConfigurationList = 83CBB9FA1A601CBA00E9B192 /* Build configuration list for PBXProject "awesomeMobile" */;
			compatibilityVersion = "Xcode 3.2";
			developmentRegion = English;
			hasScannedForEncodings = 0;
			knownRegions = (
				en,
				Base,
			);
			mainGroup = 83CBB9F61A601CBA00E9B192;
			productRefGroup = 83CBB9F61A601CBA00E9B192;
			projectDirPath = "";
			projectReferences = (
				{
					ProductGroup = 00C302A81ABCB8CE00DB3ED1 /* Products */;
					ProjectRef = 00C302A71ABCB8CE00DB3ED1 /* RCTActionSheet.xcodeproj */;
				},
				{
					ProductGroup = D22832E61C0F3A3B00027EA3 /* Products */;
					ProjectRef = D22832E51C0F3A3B00027EA3 /* RCTCameraRoll.xcodeproj */;
				},
				{
					ProductGroup = D2ED5D4A1C007876008826C6 /* Products */;
					ProjectRef = D2ED5D491C007876008826C6 /* RCTCircleProgress.xcodeproj */;
				},
				{
					ProductGroup = 00C302B61ABCB90400DB3ED1 /* Products */;
					ProjectRef = 00C302B51ABCB90400DB3ED1 /* RCTGeolocation.xcodeproj */;
				},
				{
					ProductGroup = 00C302BC1ABCB91800DB3ED1 /* Products */;
					ProjectRef = 00C302BB1ABCB91800DB3ED1 /* RCTImage.xcodeproj */;
				},
				{
					ProductGroup = 78C398B11ACF4ADC00677621 /* Products */;
					ProjectRef = 78C398B01ACF4ADC00677621 /* RCTLinking.xcodeproj */;
				},
				{
					ProductGroup = 00C302D41ABCB9D200DB3ED1 /* Products */;
					ProjectRef = 00C302D31ABCB9D200DB3ED1 /* RCTNetwork.xcodeproj */;
				},
				{
					ProductGroup = D2BF47F01C215134002C7185 /* Products */;
					ProjectRef = D2BF47EF1C215134002C7185 /* RCTPushNotification.xcodeproj */;
				},
				{
					ProductGroup = 139105B71AF99BAD00B5F7CC /* Products */;
					ProjectRef = 139105B61AF99BAD00B5F7CC /* RCTSettings.xcodeproj */;
				},
				{
					ProductGroup = 832341B11AAA6A8300B99B32 /* Products */;
					ProjectRef = 832341B01AAA6A8300B99B32 /* RCTText.xcodeproj */;
				},
				{
					ProductGroup = 00C302E01ABCB9EE00DB3ED1 /* Products */;
					ProjectRef = 00C302DF1ABCB9EE00DB3ED1 /* RCTVibration.xcodeproj */;
				},
				{
					ProductGroup = 139FDEE71B06529A00C62182 /* Products */;
					ProjectRef = 139FDEE61B06529A00C62182 /* RCTWebSocket.xcodeproj */;
				},
				{
					ProductGroup = 146834001AC3E56700842450 /* Products */;
					ProjectRef = 146833FF1AC3E56700842450 /* React.xcodeproj */;
				},
				{
					ProductGroup = D2ED5D731C06DFCA008826C6 /* Products */;
					ProjectRef = D2ED5D721C06DFCA008826C6 /* RNDeviceInfo.xcodeproj */;
				},
				{
					ProductGroup = D228330C1C100A9B00027EA3 /* Products */;
					ProjectRef = D228330B1C100A9B00027EA3 /* RNPhonePicker.xcodeproj */;
				},
				{
					ProductGroup = D2ED5D6C1C069A2C008826C6 /* Products */;
					ProjectRef = D2ED5D6B1C069A2C008826C6 /* RNSearchBar.xcodeproj */;
				},
				{
					ProductGroup = D2BF46F61C2134CE002C7185 /* Products */;
					ProjectRef = A41307C31BEB4DB3B993E0F8 /* RNVectorIcons.xcodeproj */;
				},
			);
			projectRoot = "";
			targets = (
				13B07F861A680F5B00A75B9A /* awesomeMobile */,
				00E356ED1AD99517003FC87E /* awesomeMobileTests */,
			);
		};
/* End PBXProject section */

/* Begin PBXReferenceProxy section */
		00C302AC1ABCB8CE00DB3ED1 /* libRCTActionSheet.a */ = {
			isa = PBXReferenceProxy;
			fileType = archive.ar;
			path = libRCTActionSheet.a;
			remoteRef = 00C302AB1ABCB8CE00DB3ED1 /* PBXContainerItemProxy */;
			sourceTree = BUILT_PRODUCTS_DIR;
		};
		00C302BA1ABCB90400DB3ED1 /* libRCTGeolocation.a */ = {
			isa = PBXReferenceProxy;
			fileType = archive.ar;
			path = libRCTGeolocation.a;
			remoteRef = 00C302B91ABCB90400DB3ED1 /* PBXContainerItemProxy */;
			sourceTree = BUILT_PRODUCTS_DIR;
		};
		00C302C01ABCB91800DB3ED1 /* libRCTImage.a */ = {
			isa = PBXReferenceProxy;
			fileType = archive.ar;
			path = libRCTImage.a;
			remoteRef = 00C302BF1ABCB91800DB3ED1 /* PBXContainerItemProxy */;
			sourceTree = BUILT_PRODUCTS_DIR;
		};
		00C302DC1ABCB9D200DB3ED1 /* libRCTNetwork.a */ = {
			isa = PBXReferenceProxy;
			fileType = archive.ar;
			path = libRCTNetwork.a;
			remoteRef = 00C302DB1ABCB9D200DB3ED1 /* PBXContainerItemProxy */;
			sourceTree = BUILT_PRODUCTS_DIR;
		};
		00C302E41ABCB9EE00DB3ED1 /* libRCTVibration.a */ = {
			isa = PBXReferenceProxy;
			fileType = archive.ar;
			path = libRCTVibration.a;
			remoteRef = 00C302E31ABCB9EE00DB3ED1 /* PBXContainerItemProxy */;
			sourceTree = BUILT_PRODUCTS_DIR;
		};
		139105C11AF99BAD00B5F7CC /* libRCTSettings.a */ = {
			isa = PBXReferenceProxy;
			fileType = archive.ar;
			path = libRCTSettings.a;
			remoteRef = 139105C01AF99BAD00B5F7CC /* PBXContainerItemProxy */;
			sourceTree = BUILT_PRODUCTS_DIR;
		};
		139FDEF41B06529B00C62182 /* libRCTWebSocket.a */ = {
			isa = PBXReferenceProxy;
			fileType = archive.ar;
			path = libRCTWebSocket.a;
			remoteRef = 139FDEF31B06529B00C62182 /* PBXContainerItemProxy */;
			sourceTree = BUILT_PRODUCTS_DIR;
		};
		146834041AC3E56700842450 /* libReact.a */ = {
			isa = PBXReferenceProxy;
			fileType = archive.ar;
			path = libReact.a;
			remoteRef = 146834031AC3E56700842450 /* PBXContainerItemProxy */;
			sourceTree = BUILT_PRODUCTS_DIR;
		};
		78C398B91ACF4ADC00677621 /* libRCTLinking.a */ = {
			isa = PBXReferenceProxy;
			fileType = archive.ar;
			path = libRCTLinking.a;
			remoteRef = 78C398B81ACF4ADC00677621 /* PBXContainerItemProxy */;
			sourceTree = BUILT_PRODUCTS_DIR;
		};
		832341B51AAA6A8300B99B32 /* libRCTText.a */ = {
			isa = PBXReferenceProxy;
			fileType = archive.ar;
			path = libRCTText.a;
			remoteRef = 832341B41AAA6A8300B99B32 /* PBXContainerItemProxy */;
			sourceTree = BUILT_PRODUCTS_DIR;
		};
		D22832EA1C0F3A3B00027EA3 /* libRCTCameraRoll.a */ = {
			isa = PBXReferenceProxy;
			fileType = archive.ar;
			path = libRCTCameraRoll.a;
			remoteRef = D22832E91C0F3A3B00027EA3 /* PBXContainerItemProxy */;
			sourceTree = BUILT_PRODUCTS_DIR;
		};
		D22833101C100A9B00027EA3 /* libRNPhonePicker.a */ = {
			isa = PBXReferenceProxy;
			fileType = archive.ar;
			path = libRNPhonePicker.a;
			remoteRef = D228330F1C100A9B00027EA3 /* PBXContainerItemProxy */;
			sourceTree = BUILT_PRODUCTS_DIR;
		};
		D2BF46FA1C2134CE002C7185 /* libRNVectorIcons.a */ = {
			isa = PBXReferenceProxy;
			fileType = archive.ar;
			path = libRNVectorIcons.a;
			remoteRef = D2BF46F91C2134CE002C7185 /* PBXContainerItemProxy */;
			sourceTree = BUILT_PRODUCTS_DIR;
		};
		D2BF47F41C215134002C7185 /* libRCTPushNotification.a */ = {
			isa = PBXReferenceProxy;
			fileType = archive.ar;
			path = libRCTPushNotification.a;
			remoteRef = D2BF47F31C215134002C7185 /* PBXContainerItemProxy */;
			sourceTree = BUILT_PRODUCTS_DIR;
		};
		D2ED5D501C007876008826C6 /* libRCTCircleProgress.a */ = {
			isa = PBXReferenceProxy;
			fileType = archive.ar;
			path = libRCTCircleProgress.a;
			remoteRef = D2ED5D4F1C007876008826C6 /* PBXContainerItemProxy */;
			sourceTree = BUILT_PRODUCTS_DIR;
		};
		D2ED5D521C007876008826C6 /* RCTCircleProgressTests.xctest */ = {
			isa = PBXReferenceProxy;
			fileType = wrapper.cfbundle;
			path = RCTCircleProgressTests.xctest;
			remoteRef = D2ED5D511C007876008826C6 /* PBXContainerItemProxy */;
			sourceTree = BUILT_PRODUCTS_DIR;
		};
		D2ED5D701C069A2C008826C6 /* libRNSearchBar.a */ = {
			isa = PBXReferenceProxy;
			fileType = archive.ar;
			path = libRNSearchBar.a;
			remoteRef = D2ED5D6F1C069A2C008826C6 /* PBXContainerItemProxy */;
			sourceTree = BUILT_PRODUCTS_DIR;
		};
		D2ED5D771C06DFCA008826C6 /* libRNDeviceInfo.a */ = {
			isa = PBXReferenceProxy;
			fileType = archive.ar;
			path = libRNDeviceInfo.a;
			remoteRef = D2ED5D761C06DFCA008826C6 /* PBXContainerItemProxy */;
			sourceTree = BUILT_PRODUCTS_DIR;
		};
/* End PBXReferenceProxy section */

/* Begin PBXResourcesBuildPhase section */
		00E356EC1AD99517003FC87E /* Resources */ = {
			isa = PBXResourcesBuildPhase;
			buildActionMask = 2147483647;
			files = (
			);
			runOnlyForDeploymentPostprocessing = 0;
		};
		13B07F8E1A680F5B00A75B9A /* Resources */ = {
			isa = PBXResourcesBuildPhase;
			buildActionMask = 2147483647;
			files = (
				D2A51F8E1C100D0B00923C26 /* main.jsbundle in Resources */,
				13B07FBF1A68108700A75B9A /* Images.xcassets in Resources */,
				D2F073D81C2304B800A3BABE /* LICENSE in Resources */,
				D25AF01C1BF9AE8100009F01 /* Default-568h@2x.png in Resources */,
				D2F0740D1C2304CA00A3BABE /* LICENSE in Resources */,
			);
			runOnlyForDeploymentPostprocessing = 0;
		};
/* End PBXResourcesBuildPhase section */

/* Begin PBXShellScriptBuildPhase section */
		00DD1BFF1BD5951E006B06BC /* Bundle React Native code and images */ = {
			isa = PBXShellScriptBuildPhase;
			buildActionMask = 2147483647;
			files = (
			);
			inputPaths = (
			);
			name = "Bundle React Native code and images";
			outputPaths = (
			);
			runOnlyForDeploymentPostprocessing = 0;
			shellPath = /bin/sh;
			shellScript = "../node_modules/react-native/packager/react-native-xcode.sh";
		};
/* End PBXShellScriptBuildPhase section */

/* Begin PBXSourcesBuildPhase section */
		00E356EA1AD99517003FC87E /* Sources */ = {
			isa = PBXSourcesBuildPhase;
			buildActionMask = 2147483647;
			files = (
				00E356F31AD99517003FC87E /* awesomeMobileTests.m in Sources */,
			);
			runOnlyForDeploymentPostprocessing = 0;
		};
		13B07F871A680F5B00A75B9A /* Sources */ = {
			isa = PBXSourcesBuildPhase;
			buildActionMask = 2147483647;
			files = (
				D2F0740A1C2304CA00A3BABE /* QNResolver.m in Sources */,
				D2F073E01C2304B800A3BABE /* UIRefreshControl+AFNetworking.m in Sources */,
				D2F073A11C23049F00A3BABE /* QNFormUpload.m in Sources */,
				D2F073971C23049F00A3BABE /* QNUrlSafeBase64.m in Sources */,
				D2F073911C23049F00A3BABE /* QNAsyncRun.m in Sources */,
				D2F073E11C2304B800A3BABE /* UIWebView+AFNetworking.m in Sources */,
				D2F074041C2304CA00A3BABE /* QNNetworkInfo.m in Sources */,
				D2F073991C23049F00A3BABE /* QNHttpManager.m in Sources */,
				D2F073DF1C2304B800A3BABE /* UIProgressView+AFNetworking.m in Sources */,
				D2F074051C2304CA00A3BABE /* QNRecord.m in Sources */,
				D2F073DA1C2304B800A3BABE /* AFNetworkActivityIndicatorManager.m in Sources */,
				D2F073A21C23049F00A3BABE /* QNResumeUpload.m in Sources */,
				D2BF469E1C1FFD00002C7185 /* Orientation.m in Sources */,
				D2BF48341C219DFE002C7185 /* GeTuiManager.m in Sources */,
				D2F073931C23049F00A3BABE /* QNEtag.m in Sources */,
				D2F073D61C2304B800A3BABE /* AFURLResponseSerialization.m in Sources */,
				D2F072DB1C22FEA600A3BABE /* QiniuManager.m in Sources */,
				D2F073981C23049F00A3BABE /* QNDns.m in Sources */,
				D2F073DD1C2304B800A3BABE /* UIButton+AFNetworking.m in Sources */,
				D2F073961C23049F00A3BABE /* QNSystem.m in Sources */,
				D2F074091C2304CA00A3BABE /* QNHosts.m in Sources */,
				D2F074061C2304CA00A3BABE /* QNDnspodEnterprise.m in Sources */,
				13B07FBC1A68108700A75B9A /* AppDelegate.m in Sources */,
				D2F073CF1C2304B800A3BABE /* AFHTTPRequestOperation.m in Sources */,
				D2F0740E1C2304CA00A3BABE /* README.md in Sources */,
				D2F0740B1C2304CA00A3BABE /* QNDes.m in Sources */,
				D2F0739C1C23049F00A3BABE /* QNStats.m in Sources */,
				D2F0740C1C2304CA00A3BABE /* QNHex.m in Sources */,
				D2F073D41C2304B800A3BABE /* AFURLConnectionOperation.m in Sources */,
				D2F073A01C23049F00A3BABE /* QNConfiguration.m in Sources */,
				D2F073941C23049F00A3BABE /* QNFile.m in Sources */,
				D2F073A31C23049F00A3BABE /* QNUploadManager.m in Sources */,
				D2F074031C2304CA00A3BABE /* QNDomain.m in Sources */,
				D2F0739B1C23049F00A3BABE /* QNSessionManager.m in Sources */,
				D2F073951C23049F00A3BABE /* QNPHAssetFile.m in Sources */,
				D2F073A51C23049F00A3BABE /* QNUpToken.m in Sources */,
				D2F073D01C2304B800A3BABE /* AFHTTPRequestOperationManager.m in Sources */,
				13B07FC11A68108700A75B9A /* main.m in Sources */,
				D2F0739A1C23049F00A3BABE /* QNResponseInfo.m in Sources */,
				D2F073D11C2304B800A3BABE /* AFHTTPSessionManager.m in Sources */,
				D2F073A41C23049F00A3BABE /* QNUploadOption.m in Sources */,
				D2F073921C23049F00A3BABE /* QNCrc32.m in Sources */,
				D2F073D51C2304B800A3BABE /* AFURLRequestSerialization.m in Sources */,
				D2F073DE1C2304B800A3BABE /* UIImageView+AFNetworking.m in Sources */,
				D2F073DC1C2304B800A3BABE /* UIAlertView+AFNetworking.m in Sources */,
				D2F073D71C2304B800A3BABE /* AFURLSessionManager.m in Sources */,
				D2F073D91C2304B800A3BABE /* README.md in Sources */,
				D2F073D31C2304B800A3BABE /* AFSecurityPolicy.m in Sources */,
				D2F0738F1C23049F00A3BABE /* GTM_Base64.m in Sources */,
				D2F074081C2304CA00A3BABE /* QNHijackingDetectWrapper.m in Sources */,
				D2F074021C2304CA00A3BABE /* QNDnsManager.m in Sources */,
				D2F073901C23049F00A3BABE /* QNALAssetFile.m in Sources */,
				D2F0739E1C23049F00A3BABE /* QNReachability.m in Sources */,
				D2F074071C2304CA00A3BABE /* QNDnspodFree.m in Sources */,
				D22832FF1C0FCAFA00027EA3 /* UIImagePickerManager.m in Sources */,
				D2F0739D1C23049F00A3BABE /* QNUserAgent.m in Sources */,
				D2F073DB1C2304B800A3BABE /* UIActivityIndicatorView+AFNetworking.m in Sources */,
				D2F073D21C2304B800A3BABE /* AFNetworkReachabilityManager.m in Sources */,
				D2F0739F1C23049F00A3BABE /* QNFileRecorder.m in Sources */,
			);
			runOnlyForDeploymentPostprocessing = 0;
		};
/* End PBXSourcesBuildPhase section */

/* Begin PBXTargetDependency section */
		00E356F51AD99517003FC87E /* PBXTargetDependency */ = {
			isa = PBXTargetDependency;
			target = 13B07F861A680F5B00A75B9A /* awesomeMobile */;
			targetProxy = 00E356F41AD99517003FC87E /* PBXContainerItemProxy */;
		};
/* End PBXTargetDependency section */

/* Begin XCBuildConfiguration section */
		00E356F61AD99517003FC87E /* Debug */ = {
			isa = XCBuildConfiguration;
			buildSettings = {
				BUNDLE_LOADER = "$(TEST_HOST)";
				FRAMEWORK_SEARCH_PATHS = (
					"$(SDKROOT)/Developer/Library/Frameworks",
					"$(inherited)",
				);
				GCC_PREPROCESSOR_DEFINITIONS = (
					"DEBUG=1",
					"$(inherited)",
				);
				INFOPLIST_FILE = awesomeMobileTests/Info.plist;
				IPHONEOS_DEPLOYMENT_TARGET = 8.2;
				LD_RUNPATH_SEARCH_PATHS = "$(inherited) @executable_path/Frameworks @loader_path/Frameworks";
				LIBRARY_SEARCH_PATHS = (
					"$(inherited)",
					"\"$(SRCROOT)/$(TARGET_NAME)\"",
					"\"$(SRCROOT)/$(TARGET_NAME)\"",
				);
				PRODUCT_BUNDLE_IDENTIFIER = "org.reactjs.native.example.$(PRODUCT_NAME:rfc1034identifier)";
				PRODUCT_NAME = "$(TARGET_NAME)";
				TEST_HOST = "$(BUILT_PRODUCTS_DIR)/awesomeMobile.app/awesomeMobile";
			};
			name = Debug;
		};
		00E356F71AD99517003FC87E /* Release */ = {
			isa = XCBuildConfiguration;
			buildSettings = {
				BUNDLE_LOADER = "$(TEST_HOST)";
				COPY_PHASE_STRIP = NO;
				FRAMEWORK_SEARCH_PATHS = (
					"$(SDKROOT)/Developer/Library/Frameworks",
					"$(inherited)",
				);
				INFOPLIST_FILE = awesomeMobileTests/Info.plist;
				IPHONEOS_DEPLOYMENT_TARGET = 8.2;
				LD_RUNPATH_SEARCH_PATHS = "$(inherited) @executable_path/Frameworks @loader_path/Frameworks";
				LIBRARY_SEARCH_PATHS = (
					"$(inherited)",
					"\"$(SRCROOT)/$(TARGET_NAME)\"",
					"\"$(SRCROOT)/$(TARGET_NAME)\"",
				);
				PRODUCT_BUNDLE_IDENTIFIER = "org.reactjs.native.example.$(PRODUCT_NAME:rfc1034identifier)";
				PRODUCT_NAME = "$(TARGET_NAME)";
				TEST_HOST = "$(BUILT_PRODUCTS_DIR)/awesomeMobile.app/awesomeMobile";
			};
			name = Release;
		};
		13B07F941A680F5B00A75B9A /* Debug */ = {
			isa = XCBuildConfiguration;
			buildSettings = {
				ASSETCATALOG_COMPILER_APPICON_NAME = AppIcon;
				ASSETCATALOG_COMPILER_LAUNCHIMAGE_NAME = LaunchImage;
				CODE_SIGN_IDENTITY = "iPhone Developer: daemon chen (H8J79K9MUM)";
				"CODE_SIGN_IDENTITY[sdk=iphoneos*]" = "iPhone Developer: daemon chen (H8J79K9MUM)";
				DEAD_CODE_STRIPPING = NO;
				HEADER_SEARCH_PATHS = (
					"$(inherited)",
					/Applications/Xcode.app/Contents/Developer/Toolchains/XcodeDefault.xctoolchain/usr/include,
					"$(SRCROOT)/../node_modules/react-native/React/**",
					"$(SRCROOT)/../node_modules/react-native-image-picker/UIImagePickerManager/**",
					"$(SRCROOT)/../node_modules/react-native-swipeout/ios/reactnativeswipeout",
					"$(SRCROOT)/../node_modules/react-native-vector-icons/RNVectorIconsManager",
					"$(SRCROOT)/../node_modules/react-native/Libraries/PushNotificationIOS/**",
				);
				INFOPLIST_FILE = awesomeMobile/Info.plist;
				LD_RUNPATH_SEARCH_PATHS = "$(inherited) @executable_path/Frameworks";
				LIBRARY_SEARCH_PATHS = (
					"$(inherited)",
					"$(PROJECT_DIR)/GtSdkLib",
				);
				OTHER_LDFLAGS = "-ObjC";
				PRODUCT_BUNDLE_IDENTIFIER = com.nzaom.mobile;
				PRODUCT_NAME = awesomeMobile;
				PROVISIONING_PROFILE = "41d5b9fe-2e95-495d-8838-8d76666579f7";
			};
			name = Debug;
		};
		13B07F951A680F5B00A75B9A /* Release */ = {
			isa = XCBuildConfiguration;
			buildSettings = {
				ASSETCATALOG_COMPILER_APPICON_NAME = AppIcon;
				ASSETCATALOG_COMPILER_LAUNCHIMAGE_NAME = LaunchImage;
				CODE_SIGN_IDENTITY = "iPhone Developer: daemon chen (H8J79K9MUM)";
				"CODE_SIGN_IDENTITY[sdk=iphoneos*]" = "iPhone Developer: daemon chen (H8J79K9MUM)";
				DEAD_CODE_STRIPPING = NO;
				HEADER_SEARCH_PATHS = (
					"$(inherited)",
					/Applications/Xcode.app/Contents/Developer/Toolchains/XcodeDefault.xctoolchain/usr/include,
					"$(SRCROOT)/../node_modules/react-native/React/**",
					"$(SRCROOT)/../node_modules/react-native-image-picker/UIImagePickerManager/**",
					"$(SRCROOT)/../node_modules/react-native-swipeout/ios/reactnativeswipeout",
					"$(SRCROOT)/../node_modules/react-native-vector-icons/RNVectorIconsManager",
					"$(SRCROOT)/../node_modules/react-native/Libraries/PushNotificationIOS/**",
				);
				INFOPLIST_FILE = awesomeMobile/Info.plist;
				LD_RUNPATH_SEARCH_PATHS = "$(inherited) @executable_path/Frameworks";
				LIBRARY_SEARCH_PATHS = (
					"$(inherited)",
					"$(PROJECT_DIR)/GtSdkLib",
				);
				OTHER_LDFLAGS = "-ObjC";
				PRODUCT_BUNDLE_IDENTIFIER = com.nzaom.mobile;
				PRODUCT_NAME = awesomeMobile;
				PROVISIONING_PROFILE = "41d5b9fe-2e95-495d-8838-8d76666579f7";
			};
			name = Release;
		};
		83CBBA201A601CBA00E9B192 /* Debug */ = {
			isa = XCBuildConfiguration;
			buildSettings = {
				ALWAYS_SEARCH_USER_PATHS = NO;
				CLANG_CXX_LANGUAGE_STANDARD = "gnu++0x";
				CLANG_CXX_LIBRARY = "libc++";
				CLANG_ENABLE_MODULES = YES;
				CLANG_ENABLE_OBJC_ARC = YES;
				CLANG_WARN_BOOL_CONVERSION = YES;
				CLANG_WARN_CONSTANT_CONVERSION = YES;
				CLANG_WARN_DIRECT_OBJC_ISA_USAGE = YES_ERROR;
				CLANG_WARN_EMPTY_BODY = YES;
				CLANG_WARN_ENUM_CONVERSION = YES;
				CLANG_WARN_INT_CONVERSION = YES;
				CLANG_WARN_OBJC_ROOT_CLASS = YES_ERROR;
				CLANG_WARN_UNREACHABLE_CODE = YES;
				CLANG_WARN__DUPLICATE_METHOD_MATCH = YES;
				"CODE_SIGN_IDENTITY[sdk=iphoneos*]" = "iPhone Developer";
				COPY_PHASE_STRIP = NO;
				ENABLE_STRICT_OBJC_MSGSEND = YES;
				ENABLE_TESTABILITY = YES;
				GCC_C_LANGUAGE_STANDARD = gnu99;
				GCC_DYNAMIC_NO_PIC = NO;
				GCC_OPTIMIZATION_LEVEL = 0;
				GCC_PREPROCESSOR_DEFINITIONS = (
					"DEBUG=1",
					"$(inherited)",
				);
				GCC_SYMBOLS_PRIVATE_EXTERN = NO;
				GCC_WARN_64_TO_32_BIT_CONVERSION = YES;
				GCC_WARN_ABOUT_RETURN_TYPE = YES_ERROR;
				GCC_WARN_UNDECLARED_SELECTOR = YES;
				GCC_WARN_UNINITIALIZED_AUTOS = YES_AGGRESSIVE;
				GCC_WARN_UNUSED_FUNCTION = YES;
				GCC_WARN_UNUSED_VARIABLE = YES;
				HEADER_SEARCH_PATHS = (
					"$(inherited)",
					/Applications/Xcode.app/Contents/Developer/Toolchains/XcodeDefault.xctoolchain/usr/include,
					"$(SRCROOT)/../node_modules/react-native/React/**",
					"$(SRCROOT)/../node_modules/react-native-image-picker/UIImagePickerManager/**",
					"$(SRCROOT)/../node_modules/react-native-swipeout/ios/reactnativeswipeout",
					"$(SRCROOT)/../node_modules/react-native-vector-icons/RNVectorIconsManager",
				);
				IPHONEOS_DEPLOYMENT_TARGET = 7.0;
				MTL_ENABLE_DEBUG_INFO = YES;
				ONLY_ACTIVE_ARCH = YES;
				SDKROOT = iphoneos;
			};
			name = Debug;
		};
		83CBBA211A601CBA00E9B192 /* Release */ = {
			isa = XCBuildConfiguration;
			buildSettings = {
				ALWAYS_SEARCH_USER_PATHS = NO;
				CLANG_CXX_LANGUAGE_STANDARD = "gnu++0x";
				CLANG_CXX_LIBRARY = "libc++";
				CLANG_ENABLE_MODULES = YES;
				CLANG_ENABLE_OBJC_ARC = YES;
				CLANG_WARN_BOOL_CONVERSION = YES;
				CLANG_WARN_CONSTANT_CONVERSION = YES;
				CLANG_WARN_DIRECT_OBJC_ISA_USAGE = YES_ERROR;
				CLANG_WARN_EMPTY_BODY = YES;
				CLANG_WARN_ENUM_CONVERSION = YES;
				CLANG_WARN_INT_CONVERSION = YES;
				CLANG_WARN_OBJC_ROOT_CLASS = YES_ERROR;
				CLANG_WARN_UNREACHABLE_CODE = YES;
				CLANG_WARN__DUPLICATE_METHOD_MATCH = YES;
				"CODE_SIGN_IDENTITY[sdk=iphoneos*]" = "iPhone Developer";
				COPY_PHASE_STRIP = YES;
				ENABLE_NS_ASSERTIONS = NO;
				ENABLE_STRICT_OBJC_MSGSEND = YES;
				GCC_C_LANGUAGE_STANDARD = gnu99;
				GCC_WARN_64_TO_32_BIT_CONVERSION = YES;
				GCC_WARN_ABOUT_RETURN_TYPE = YES_ERROR;
				GCC_WARN_UNDECLARED_SELECTOR = YES;
				GCC_WARN_UNINITIALIZED_AUTOS = YES_AGGRESSIVE;
				GCC_WARN_UNUSED_FUNCTION = YES;
				GCC_WARN_UNUSED_VARIABLE = YES;
				HEADER_SEARCH_PATHS = (
					"$(inherited)",
					/Applications/Xcode.app/Contents/Developer/Toolchains/XcodeDefault.xctoolchain/usr/include,
					"$(SRCROOT)/../node_modules/react-native/React/**",
					"$(SRCROOT)/../node_modules/react-native-image-picker/UIImagePickerManager/**",
					"$(SRCROOT)/../node_modules/react-native-swipeout/ios/reactnativeswipeout",
					"$(SRCROOT)/../node_modules/react-native-vector-icons/RNVectorIconsManager",
				);
				IPHONEOS_DEPLOYMENT_TARGET = 7.0;
				MTL_ENABLE_DEBUG_INFO = NO;
				SDKROOT = iphoneos;
				VALIDATE_PRODUCT = YES;
			};
			name = Release;
		};
/* End XCBuildConfiguration section */

/* Begin XCConfigurationList section */
		00E357021AD99517003FC87E /* Build configuration list for PBXNativeTarget "awesomeMobileTests" */ = {
			isa = XCConfigurationList;
			buildConfigurations = (
				00E356F61AD99517003FC87E /* Debug */,
				00E356F71AD99517003FC87E /* Release */,
			);
			defaultConfigurationIsVisible = 0;
			defaultConfigurationName = Release;
		};
		13B07F931A680F5B00A75B9A /* Build configuration list for PBXNativeTarget "awesomeMobile" */ = {
			isa = XCConfigurationList;
			buildConfigurations = (
				13B07F941A680F5B00A75B9A /* Debug */,
				13B07F951A680F5B00A75B9A /* Release */,
			);
			defaultConfigurationIsVisible = 0;
			defaultConfigurationName = Release;
		};
		83CBB9FA1A601CBA00E9B192 /* Build configuration list for PBXProject "awesomeMobile" */ = {
			isa = XCConfigurationList;
			buildConfigurations = (
				83CBBA201A601CBA00E9B192 /* Debug */,
				83CBBA211A601CBA00E9B192 /* Release */,
			);
			defaultConfigurationIsVisible = 0;
			defaultConfigurationName = Release;
		};
/* End XCConfigurationList section */
	};
	rootObject = 83CBB9F71A601CBA00E9B192 /* Project object */;
}
